// !$*UTF8*$!
{
	archiveVersion = 1;
	classes = {
	};
	objectVersion = 55;
	objects = {

/* Begin PBXBuildFile section */
		04220BE629B0DF8A005D53C4 /* BasketCellType.swift in Sources */ = {isa = PBXBuildFile; fileRef = 04220BE529B0DF8A005D53C4 /* BasketCellType.swift */; };
		04220BE829B0DFB6005D53C4 /* BasketCustomerInfoCell.swift in Sources */ = {isa = PBXBuildFile; fileRef = 04220BE729B0DFB6005D53C4 /* BasketCustomerInfoCell.swift */; };
		04220BEA29B0EC89005D53C4 /* BasketCustomerInfoCellInfo.swift in Sources */ = {isa = PBXBuildFile; fileRef = 04220BE929B0EC89005D53C4 /* BasketCustomerInfoCellInfo.swift */; };
		04220BED29B13F74005D53C4 /* PaymentTypesViewController.swift in Sources */ = {isa = PBXBuildFile; fileRef = 04220BEC29B13F74005D53C4 /* PaymentTypesViewController.swift */; };
		0423BC8C299E96B700BE8BFC /* ItemCell.swift in Sources */ = {isa = PBXBuildFile; fileRef = 0423BC8B299E96B700BE8BFC /* ItemCell.swift */; };
		0423BC8F299EABD300BE8BFC /* ItemDetailsViewController.swift in Sources */ = {isa = PBXBuildFile; fileRef = 0423BC8E299EABD300BE8BFC /* ItemDetailsViewController.swift */; };
		0423BC92299EBC4D00BE8BFC /* ChooseAStoreModel.swift in Sources */ = {isa = PBXBuildFile; fileRef = 0423BC91299EBC4D00BE8BFC /* ChooseAStoreModel.swift */; };
		045ABBFD29AE4C7C00942686 /* ItemData.swift in Sources */ = {isa = PBXBuildFile; fileRef = 045ABBFC29AE4C7C00942686 /* ItemData.swift */; };
		045ABBFF29AE5D8700942686 /* Basket.swift in Sources */ = {isa = PBXBuildFile; fileRef = 045ABBFE29AE5D8700942686 /* Basket.swift */; };
		045ABC0229AE753100942686 /* SyrveCreateOrder.swift in Sources */ = {isa = PBXBuildFile; fileRef = 045ABC0129AE753100942686 /* SyrveCreateOrder.swift */; };
		045ABC0429AE8FF500942686 /* ItemsViewController.swift in Sources */ = {isa = PBXBuildFile; fileRef = 045ABC0329AE8FF500942686 /* ItemsViewController.swift */; };
		04899C1029B289B4000BB5DD /* OrderPlacedViewController.swift in Sources */ = {isa = PBXBuildFile; fileRef = 04899C0F29B289B4000BB5DD /* OrderPlacedViewController.swift */; };
		049A1002299D550800F2BCBF /* MenuCollectionViewController.swift in Sources */ = {isa = PBXBuildFile; fileRef = 049A1001299D550800F2BCBF /* MenuCollectionViewController.swift */; };
		049A1005299D59B200F2BCBF /* MenuCell.swift in Sources */ = {isa = PBXBuildFile; fileRef = 049A1004299D59B200F2BCBF /* MenuCell.swift */; };
		04AD8DB4299A873D00C25FF7 /* MenuManager.swift in Sources */ = {isa = PBXBuildFile; fileRef = 04AD8DB3299A873D00C25FF7 /* MenuManager.swift */; };
		04AD8DB6299AB14300C25FF7 /* ChooseAStoreTableViewController.swift in Sources */ = {isa = PBXBuildFile; fileRef = 04AD8DB5299AB14300C25FF7 /* ChooseAStoreTableViewController.swift */; };
		04B17F3629AFE0100010B76E /* BasketViewController.swift in Sources */ = {isa = PBXBuildFile; fileRef = 04B17F3529AFE0100010B76E /* BasketViewController.swift */; };
		04B295B9299953820076984A /* AppDelegate.swift in Sources */ = {isa = PBXBuildFile; fileRef = 04B295B8299953820076984A /* AppDelegate.swift */; };
		04B295BB299953820076984A /* SceneDelegate.swift in Sources */ = {isa = PBXBuildFile; fileRef = 04B295BA299953820076984A /* SceneDelegate.swift */; };
		04B295BD299953820076984A /* HomePageViewController.swift in Sources */ = {isa = PBXBuildFile; fileRef = 04B295BC299953820076984A /* HomePageViewController.swift */; };
		04B295C0299953820076984A /* Main.storyboard in Resources */ = {isa = PBXBuildFile; fileRef = 04B295BE299953820076984A /* Main.storyboard */; };
		04B295C2299953840076984A /* Assets.xcassets in Resources */ = {isa = PBXBuildFile; fileRef = 04B295C1299953840076984A /* Assets.xcassets */; };
		04B295C5299953840076984A /* LaunchScreen.storyboard in Resources */ = {isa = PBXBuildFile; fileRef = 04B295C3299953840076984A /* LaunchScreen.storyboard */; };
		04B295CD299978600076984A /* IntroductionTipsPageViewController.swift in Sources */ = {isa = PBXBuildFile; fileRef = 04B295CC299978600076984A /* IntroductionTipsPageViewController.swift */; };
		04B295CF2999789F0076984A /* IntroductionTipsViewController.swift in Sources */ = {isa = PBXBuildFile; fileRef = 04B295CE2999789F0076984A /* IntroductionTipsViewController.swift */; };
		04E08F6429A66F91007E4F09 /* RewardsCell.swift in Sources */ = {isa = PBXBuildFile; fileRef = 04E08F6329A66F91007E4F09 /* RewardsCell.swift */; };
		04E08F6629A67538007E4F09 /* PointsCell.swift in Sources */ = {isa = PBXBuildFile; fileRef = 04E08F6529A67538007E4F09 /* PointsCell.swift */; };
		04EDA86529A90CFD00A0DA23 /* DealViewController.swift in Sources */ = {isa = PBXBuildFile; fileRef = 04EDA86429A90CFD00A0DA23 /* DealViewController.swift */; };
		04F12006299FE63D008DF518 /* GoogleService-Info.plist in Resources */ = {isa = PBXBuildFile; fileRef = 04F12005299FE63D008DF518 /* GoogleService-Info.plist */; };
		04F12009299FE8CD008DF518 /* FirebaseAnalytics in Frameworks */ = {isa = PBXBuildFile; productRef = 04F12008299FE8CD008DF518 /* FirebaseAnalytics */; };
		04F1200B299FE8CD008DF518 /* FirebaseDatabase in Frameworks */ = {isa = PBXBuildFile; productRef = 04F1200A299FE8CD008DF518 /* FirebaseDatabase */; };
		04F1200D299FE8CD008DF518 /* FirebaseFirestore in Frameworks */ = {isa = PBXBuildFile; productRef = 04F1200C299FE8CD008DF518 /* FirebaseFirestore */; };
		04F1200F299FE8CD008DF518 /* FirebaseStorage in Frameworks */ = {isa = PBXBuildFile; productRef = 04F1200E299FE8CD008DF518 /* FirebaseStorage */; };
		04F12011299FEBDD008DF518 /* FirebaseManager.swift in Sources */ = {isa = PBXBuildFile; fileRef = 04F12010299FEBDD008DF518 /* FirebaseManager.swift */; };
		04F12014299FED59008DF518 /* HomescreenStructs.swift in Sources */ = {isa = PBXBuildFile; fileRef = 04F12013299FED59008DF518 /* HomescreenStructs.swift */; };
		04F1201729A003F6008DF518 /* SnapKit in Frameworks */ = {isa = PBXBuildFile; productRef = 04F1201629A003F6008DF518 /* SnapKit */; };
		04F1201929A00481008DF518 /* DealCell.swift in Sources */ = {isa = PBXBuildFile; fileRef = 04F1201829A00481008DF518 /* DealCell.swift */; };
		04F4429F29ABE7260065D6F4 /* SyrveAPIManager.swift in Sources */ = {isa = PBXBuildFile; fileRef = 04F4429E29ABE7260065D6F4 /* SyrveAPIManager.swift */; };
		04F442A129ABE8280065D6F4 /* SyrveMenu.swift in Sources */ = {isa = PBXBuildFile; fileRef = 04F442A029ABE8280065D6F4 /* SyrveMenu.swift */; };
		04F442A329ABEAC80065D6F4 /* SyrveToken.swift in Sources */ = {isa = PBXBuildFile; fileRef = 04F442A229ABEAC80065D6F4 /* SyrveToken.swift */; };
		04F442A529AD043E0065D6F4 /* SyrveAPIConstants.swift in Sources */ = {isa = PBXBuildFile; fileRef = 04F442A429AD043E0065D6F4 /* SyrveAPIConstants.swift */; };
/* End PBXBuildFile section */

/* Begin PBXFileReference section */
		04220BE529B0DF8A005D53C4 /* BasketCellType.swift */ = {isa = PBXFileReference; lastKnownFileType = sourcecode.swift; path = BasketCellType.swift; sourceTree = "<group>"; };
		04220BE729B0DFB6005D53C4 /* BasketCustomerInfoCell.swift */ = {isa = PBXFileReference; lastKnownFileType = sourcecode.swift; path = BasketCustomerInfoCell.swift; sourceTree = "<group>"; };
		04220BE929B0EC89005D53C4 /* BasketCustomerInfoCellInfo.swift */ = {isa = PBXFileReference; lastKnownFileType = sourcecode.swift; path = BasketCustomerInfoCellInfo.swift; sourceTree = "<group>"; };
		04220BEC29B13F74005D53C4 /* PaymentTypesViewController.swift */ = {isa = PBXFileReference; lastKnownFileType = sourcecode.swift; path = PaymentTypesViewController.swift; sourceTree = "<group>"; };
		0423BC8B299E96B700BE8BFC /* ItemCell.swift */ = {isa = PBXFileReference; lastKnownFileType = sourcecode.swift; path = ItemCell.swift; sourceTree = "<group>"; };
		0423BC8E299EABD300BE8BFC /* ItemDetailsViewController.swift */ = {isa = PBXFileReference; lastKnownFileType = sourcecode.swift; path = ItemDetailsViewController.swift; sourceTree = "<group>"; };
		0423BC91299EBC4D00BE8BFC /* ChooseAStoreModel.swift */ = {isa = PBXFileReference; lastKnownFileType = sourcecode.swift; path = ChooseAStoreModel.swift; sourceTree = "<group>"; };
		045ABBFC29AE4C7C00942686 /* ItemData.swift */ = {isa = PBXFileReference; lastKnownFileType = sourcecode.swift; path = ItemData.swift; sourceTree = "<group>"; };
		045ABBFE29AE5D8700942686 /* Basket.swift */ = {isa = PBXFileReference; lastKnownFileType = sourcecode.swift; path = Basket.swift; sourceTree = "<group>"; };
		045ABC0129AE753100942686 /* SyrveCreateOrder.swift */ = {isa = PBXFileReference; lastKnownFileType = sourcecode.swift; path = SyrveCreateOrder.swift; sourceTree = "<group>"; };
		045ABC0329AE8FF500942686 /* ItemsViewController.swift */ = {isa = PBXFileReference; lastKnownFileType = sourcecode.swift; path = ItemsViewController.swift; sourceTree = "<group>"; };
		04899C0F29B289B4000BB5DD /* OrderPlacedViewController.swift */ = {isa = PBXFileReference; lastKnownFileType = sourcecode.swift; path = OrderPlacedViewController.swift; sourceTree = "<group>"; };
		049A1001299D550800F2BCBF /* MenuCollectionViewController.swift */ = {isa = PBXFileReference; lastKnownFileType = sourcecode.swift; path = MenuCollectionViewController.swift; sourceTree = "<group>"; };
		049A1004299D59B200F2BCBF /* MenuCell.swift */ = {isa = PBXFileReference; lastKnownFileType = sourcecode.swift; path = MenuCell.swift; sourceTree = "<group>"; };
		04AD8DB3299A873D00C25FF7 /* MenuManager.swift */ = {isa = PBXFileReference; lastKnownFileType = sourcecode.swift; path = MenuManager.swift; sourceTree = "<group>"; };
		04AD8DB5299AB14300C25FF7 /* ChooseAStoreTableViewController.swift */ = {isa = PBXFileReference; lastKnownFileType = sourcecode.swift; path = ChooseAStoreTableViewController.swift; sourceTree = "<group>"; };
		04B17F3529AFE0100010B76E /* BasketViewController.swift */ = {isa = PBXFileReference; lastKnownFileType = sourcecode.swift; path = BasketViewController.swift; sourceTree = "<group>"; };
		04B295B5299953820076984A /* Mama Jean's Pizza.app */ = {isa = PBXFileReference; explicitFileType = wrapper.application; includeInIndex = 0; path = "Mama Jean's Pizza.app"; sourceTree = BUILT_PRODUCTS_DIR; };
		04B295B8299953820076984A /* AppDelegate.swift */ = {isa = PBXFileReference; lastKnownFileType = sourcecode.swift; path = AppDelegate.swift; sourceTree = "<group>"; };
		04B295BA299953820076984A /* SceneDelegate.swift */ = {isa = PBXFileReference; lastKnownFileType = sourcecode.swift; path = SceneDelegate.swift; sourceTree = "<group>"; };
		04B295BC299953820076984A /* HomePageViewController.swift */ = {isa = PBXFileReference; lastKnownFileType = sourcecode.swift; path = HomePageViewController.swift; sourceTree = "<group>"; };
		04B295BF299953820076984A /* Base */ = {isa = PBXFileReference; lastKnownFileType = file.storyboard; name = Base; path = Base.lproj/Main.storyboard; sourceTree = "<group>"; };
		04B295C1299953840076984A /* Assets.xcassets */ = {isa = PBXFileReference; lastKnownFileType = folder.assetcatalog; path = Assets.xcassets; sourceTree = "<group>"; };
		04B295C4299953840076984A /* Base */ = {isa = PBXFileReference; lastKnownFileType = file.storyboard; name = Base; path = Base.lproj/LaunchScreen.storyboard; sourceTree = "<group>"; };
		04B295C6299953840076984A /* Info.plist */ = {isa = PBXFileReference; lastKnownFileType = text.plist.xml; path = Info.plist; sourceTree = "<group>"; };
		04B295CC299978600076984A /* IntroductionTipsPageViewController.swift */ = {isa = PBXFileReference; lastKnownFileType = sourcecode.swift; path = IntroductionTipsPageViewController.swift; sourceTree = "<group>"; };
		04B295CE2999789F0076984A /* IntroductionTipsViewController.swift */ = {isa = PBXFileReference; lastKnownFileType = sourcecode.swift; path = IntroductionTipsViewController.swift; sourceTree = "<group>"; };
		04E08F6329A66F91007E4F09 /* RewardsCell.swift */ = {isa = PBXFileReference; lastKnownFileType = sourcecode.swift; path = RewardsCell.swift; sourceTree = "<group>"; };
		04E08F6529A67538007E4F09 /* PointsCell.swift */ = {isa = PBXFileReference; lastKnownFileType = sourcecode.swift; path = PointsCell.swift; sourceTree = "<group>"; };
		04EDA86429A90CFD00A0DA23 /* DealViewController.swift */ = {isa = PBXFileReference; lastKnownFileType = sourcecode.swift; path = DealViewController.swift; sourceTree = "<group>"; };
		04F12005299FE63D008DF518 /* GoogleService-Info.plist */ = {isa = PBXFileReference; fileEncoding = 4; lastKnownFileType = text.plist.xml; path = "GoogleService-Info.plist"; sourceTree = "<group>"; };
		04F12010299FEBDD008DF518 /* FirebaseManager.swift */ = {isa = PBXFileReference; lastKnownFileType = sourcecode.swift; path = FirebaseManager.swift; sourceTree = "<group>"; };
		04F12013299FED59008DF518 /* HomescreenStructs.swift */ = {isa = PBXFileReference; lastKnownFileType = sourcecode.swift; path = HomescreenStructs.swift; sourceTree = "<group>"; };
		04F1201829A00481008DF518 /* DealCell.swift */ = {isa = PBXFileReference; lastKnownFileType = sourcecode.swift; path = DealCell.swift; sourceTree = "<group>"; };
		04F4429E29ABE7260065D6F4 /* SyrveAPIManager.swift */ = {isa = PBXFileReference; lastKnownFileType = sourcecode.swift; path = SyrveAPIManager.swift; sourceTree = "<group>"; };
		04F442A029ABE8280065D6F4 /* SyrveMenu.swift */ = {isa = PBXFileReference; lastKnownFileType = sourcecode.swift; path = SyrveMenu.swift; sourceTree = "<group>"; };
		04F442A229ABEAC80065D6F4 /* SyrveToken.swift */ = {isa = PBXFileReference; lastKnownFileType = sourcecode.swift; path = SyrveToken.swift; sourceTree = "<group>"; };
		04F442A429AD043E0065D6F4 /* SyrveAPIConstants.swift */ = {isa = PBXFileReference; lastKnownFileType = sourcecode.swift; path = SyrveAPIConstants.swift; sourceTree = "<group>"; };
/* End PBXFileReference section */

/* Begin PBXFrameworksBuildPhase section */
		04B295B2299953820076984A /* Frameworks */ = {
			isa = PBXFrameworksBuildPhase;
			buildActionMask = 2147483647;
			files = (
				04F1200B299FE8CD008DF518 /* FirebaseDatabase in Frameworks */,
				04F1200F299FE8CD008DF518 /* FirebaseStorage in Frameworks */,
				04F12009299FE8CD008DF518 /* FirebaseAnalytics in Frameworks */,
				04F1200D299FE8CD008DF518 /* FirebaseFirestore in Frameworks */,
				04F1201729A003F6008DF518 /* SnapKit in Frameworks */,
			);
			runOnlyForDeploymentPostprocessing = 0;
		};
/* End PBXFrameworksBuildPhase section */

/* Begin PBXGroup section */
		04220BEB29B0F484005D53C4 /* View */ = {
			isa = PBXGroup;
			children = (
				04220BE729B0DFB6005D53C4 /* BasketCustomerInfoCell.swift */,
			);
			path = View;
			sourceTree = "<group>";
		};
		0423BC8D299E96C800BE8BFC /* Items */ = {
			isa = PBXGroup;
			children = (
				045ABC0029AE636B00942686 /* ItemDetails */,
				045ABC0329AE8FF500942686 /* ItemsViewController.swift */,
				0423BC8B299E96B700BE8BFC /* ItemCell.swift */,
			);
			path = Items;
			sourceTree = "<group>";
		};
		0423BC90299EBC2600BE8BFC /* ChooseAStore */ = {
			isa = PBXGroup;
			children = (
				04AD8DB5299AB14300C25FF7 /* ChooseAStoreTableViewController.swift */,
				0423BC91299EBC4D00BE8BFC /* ChooseAStoreModel.swift */,
			);
			path = ChooseAStore;
			sourceTree = "<group>";
		};
		045ABC0029AE636B00942686 /* ItemDetails */ = {
			isa = PBXGroup;
			children = (
				0423BC8E299EABD300BE8BFC /* ItemDetailsViewController.swift */,
			);
			path = ItemDetails;
			sourceTree = "<group>";
		};
		04899C0B29B24FE9000BB5DD /* PaymentTypesViewController */ = {
			isa = PBXGroup;
			children = (
				04220BEC29B13F74005D53C4 /* PaymentTypesViewController.swift */,
			);
			path = PaymentTypesViewController;
			sourceTree = "<group>";
		};
		04899C0E29B28989000BB5DD /* OrderPlaced */ = {
			isa = PBXGroup;
			children = (
				04899C0F29B289B4000BB5DD /* OrderPlacedViewController.swift */,
			);
			path = OrderPlaced;
			sourceTree = "<group>";
		};
		049A0FFE299D539100F2BCBF /* Homescreen */ = {
			isa = PBXGroup;
			children = (
				04EDA86B29A91C2600A0DA23 /* DealDescription */,
				04B295D029997D0A0076984A /* IntroductionTips */,
				04B295BC299953820076984A /* HomePageViewController.swift */,
				04F12013299FED59008DF518 /* HomescreenStructs.swift */,
				04F1201829A00481008DF518 /* DealCell.swift */,
				04E08F6329A66F91007E4F09 /* RewardsCell.swift */,
				04E08F6529A67538007E4F09 /* PointsCell.swift */,
			);
			path = Homescreen;
			sourceTree = "<group>";
		};
		049A1003299D599500F2BCBF /* Menu */ = {
			isa = PBXGroup;
			children = (
				049A1001299D550800F2BCBF /* MenuCollectionViewController.swift */,
				049A1004299D59B200F2BCBF /* MenuCell.swift */,
			);
			path = Menu;
			sourceTree = "<group>";
		};
		04B17F3729AFE01C0010B76E /* Basket */ = {
			isa = PBXGroup;
			children = (
				04899C0B29B24FE9000BB5DD /* PaymentTypesViewController */,
				04220BEB29B0F484005D53C4 /* View */,
				04B17F3529AFE0100010B76E /* BasketViewController.swift */,
				04220BE529B0DF8A005D53C4 /* BasketCellType.swift */,
				04220BE929B0EC89005D53C4 /* BasketCustomerInfoCellInfo.swift */,
			);
			path = Basket;
			sourceTree = "<group>";
		};
		04B295AC299953820076984A = {
			isa = PBXGroup;
			children = (
				04B295B7299953820076984A /* Mama Jean's Pizza */,
				04B295B6299953820076984A /* Products */,
			);
			sourceTree = "<group>";
		};
		04B295B6299953820076984A /* Products */ = {
			isa = PBXGroup;
			children = (
				04B295B5299953820076984A /* Mama Jean's Pizza.app */,
			);
			name = Products;
			sourceTree = "<group>";
		};
		04B295B7299953820076984A /* Mama Jean's Pizza */ = {
			isa = PBXGroup;
			children = (
				04EDA86729A91B3800A0DA23 /* API */,
				04F12012299FED06008DF518 /* Application */,
				04EDA86A29A91B5D00A0DA23 /* Core */,
				049A0FFE299D539100F2BCBF /* Homescreen */,
				0423BC90299EBC2600BE8BFC /* ChooseAStore */,
				049A1003299D599500F2BCBF /* Menu */,
				0423BC8D299E96C800BE8BFC /* Items */,
				04B17F3729AFE01C0010B76E /* Basket */,
				04899C0E29B28989000BB5DD /* OrderPlaced */,
				04B295BE299953820076984A /* Main.storyboard */,
				04EDA86629A91B0C00A0DA23 /* Resources */,
			);
			path = "Mama Jean's Pizza";
			sourceTree = "<group>";
		};
		04B295D029997D0A0076984A /* IntroductionTips */ = {
			isa = PBXGroup;
			children = (
				04B295CC299978600076984A /* IntroductionTipsPageViewController.swift */,
				04B295CE2999789F0076984A /* IntroductionTipsViewController.swift */,
			);
			path = IntroductionTips;
			sourceTree = "<group>";
		};
		04EDA86629A91B0C00A0DA23 /* Resources */ = {
			isa = PBXGroup;
			children = (
				04B295C1299953840076984A /* Assets.xcassets */,
				04B295C3299953840076984A /* LaunchScreen.storyboard */,
				04B295C6299953840076984A /* Info.plist */,
				04F12005299FE63D008DF518 /* GoogleService-Info.plist */,
			);
			path = Resources;
			sourceTree = "<group>";
		};
		04EDA86729A91B3800A0DA23 /* API */ = {
			isa = PBXGroup;
			children = (
				04EDA86929A91B4800A0DA23 /* Models */,
				04EDA86829A91B3E00A0DA23 /* Services */,
			);
			path = API;
			sourceTree = "<group>";
		};
		04EDA86829A91B3E00A0DA23 /* Services */ = {
			isa = PBXGroup;
			children = (
				04F12010299FEBDD008DF518 /* FirebaseManager.swift */,
				04F4429E29ABE7260065D6F4 /* SyrveAPIManager.swift */,
			);
			path = Services;
			sourceTree = "<group>";
		};
		04EDA86929A91B4800A0DA23 /* Models */ = {
			isa = PBXGroup;
			children = (
				04F442A029ABE8280065D6F4 /* SyrveMenu.swift */,
				04F442A229ABEAC80065D6F4 /* SyrveToken.swift */,
				04F442A429AD043E0065D6F4 /* SyrveAPIConstants.swift */,
				045ABC0129AE753100942686 /* SyrveCreateOrder.swift */,
			);
			path = Models;
			sourceTree = "<group>";
		};
		04EDA86A29A91B5D00A0DA23 /* Core */ = {
			isa = PBXGroup;
			children = (
				045ABBFE29AE5D8700942686 /* Basket.swift */,
				045ABBFC29AE4C7C00942686 /* ItemData.swift */,
				04AD8DB3299A873D00C25FF7 /* MenuManager.swift */,
			);
			path = Core;
			sourceTree = "<group>";
		};
		04EDA86B29A91C2600A0DA23 /* DealDescription */ = {
			isa = PBXGroup;
			children = (
				04EDA86429A90CFD00A0DA23 /* DealViewController.swift */,
			);
			path = DealDescription;
			sourceTree = "<group>";
		};
		04F12012299FED06008DF518 /* Application */ = {
			isa = PBXGroup;
			children = (
				04B295B8299953820076984A /* AppDelegate.swift */,
				04B295BA299953820076984A /* SceneDelegate.swift */,
			);
			path = Application;
			sourceTree = "<group>";
		};
/* End PBXGroup section */

/* Begin PBXNativeTarget section */
		04B295B4299953820076984A /* Mama Jean's Pizza */ = {
			isa = PBXNativeTarget;
			buildConfigurationList = 04B295C9299953840076984A /* Build configuration list for PBXNativeTarget "Mama Jean's Pizza" */;
			buildPhases = (
				04B295B1299953820076984A /* Sources */,
				04B295B2299953820076984A /* Frameworks */,
				04B295B3299953820076984A /* Resources */,
			);
			buildRules = (
			);
			dependencies = (
			);
			name = "Mama Jean's Pizza";
			packageProductDependencies = (
				04F12008299FE8CD008DF518 /* FirebaseAnalytics */,
				04F1200A299FE8CD008DF518 /* FirebaseDatabase */,
				04F1200C299FE8CD008DF518 /* FirebaseFirestore */,
				04F1200E299FE8CD008DF518 /* FirebaseStorage */,
				04F1201629A003F6008DF518 /* SnapKit */,
			);
			productName = "Mama Jean's Pizza";
			productReference = 04B295B5299953820076984A /* Mama Jean's Pizza.app */;
			productType = "com.apple.product-type.application";
		};
/* End PBXNativeTarget section */

/* Begin PBXProject section */
		04B295AD299953820076984A /* Project object */ = {
			isa = PBXProject;
			attributes = {
				BuildIndependentTargetsInParallel = 1;
				LastSwiftUpdateCheck = 1320;
				LastUpgradeCheck = 1320;
				TargetAttributes = {
					04B295B4299953820076984A = {
						CreatedOnToolsVersion = 13.2.1;
					};
				};
			};
			buildConfigurationList = 04B295B0299953820076984A /* Build configuration list for PBXProject "Mama Jean's Pizza" */;
			compatibilityVersion = "Xcode 13.0";
			developmentRegion = en;
			hasScannedForEncodings = 0;
			knownRegions = (
				en,
				Base,
			);
			mainGroup = 04B295AC299953820076984A;
			packageReferences = (
				04F12007299FE8CD008DF518 /* XCRemoteSwiftPackageReference "firebase-ios-sdk" */,
				04F1201529A003F6008DF518 /* XCRemoteSwiftPackageReference "SnapKit" */,
			);
			productRefGroup = 04B295B6299953820076984A /* Products */;
			projectDirPath = "";
			projectRoot = "";
			targets = (
				04B295B4299953820076984A /* Mama Jean's Pizza */,
			);
		};
/* End PBXProject section */

/* Begin PBXResourcesBuildPhase section */
		04B295B3299953820076984A /* Resources */ = {
			isa = PBXResourcesBuildPhase;
			buildActionMask = 2147483647;
			files = (
				04B295C5299953840076984A /* LaunchScreen.storyboard in Resources */,
				04F12006299FE63D008DF518 /* GoogleService-Info.plist in Resources */,
				04B295C2299953840076984A /* Assets.xcassets in Resources */,
				04B295C0299953820076984A /* Main.storyboard in Resources */,
			);
			runOnlyForDeploymentPostprocessing = 0;
		};
/* End PBXResourcesBuildPhase section */

/* Begin PBXSourcesBuildPhase section */
		04B295B1299953820076984A /* Sources */ = {
			isa = PBXSourcesBuildPhase;
			buildActionMask = 2147483647;
			files = (
				04B17F3629AFE0100010B76E /* BasketViewController.swift in Sources */,
				049A1002299D550800F2BCBF /* MenuCollectionViewController.swift in Sources */,
				04AD8DB6299AB14300C25FF7 /* ChooseAStoreTableViewController.swift in Sources */,
				04220BED29B13F74005D53C4 /* PaymentTypesViewController.swift in Sources */,
				0423BC92299EBC4D00BE8BFC /* ChooseAStoreModel.swift in Sources */,
				04EDA86529A90CFD00A0DA23 /* DealViewController.swift in Sources */,
				045ABC0429AE8FF500942686 /* ItemsViewController.swift in Sources */,
				04AD8DB4299A873D00C25FF7 /* MenuManager.swift in Sources */,
				04B295BD299953820076984A /* HomePageViewController.swift in Sources */,
				04B295B9299953820076984A /* AppDelegate.swift in Sources */,
				04B295CF2999789F0076984A /* IntroductionTipsViewController.swift in Sources */,
				04220BEA29B0EC89005D53C4 /* BasketCustomerInfoCellInfo.swift in Sources */,
				04F442A129ABE8280065D6F4 /* SyrveMenu.swift in Sources */,
				04220BE629B0DF8A005D53C4 /* BasketCellType.swift in Sources */,
				045ABBFF29AE5D8700942686 /* Basket.swift in Sources */,
				04F1201929A00481008DF518 /* DealCell.swift in Sources */,
				04E08F6429A66F91007E4F09 /* RewardsCell.swift in Sources */,
				04F442A529AD043E0065D6F4 /* SyrveAPIConstants.swift in Sources */,
				04F442A329ABEAC80065D6F4 /* SyrveToken.swift in Sources */,
				049A1005299D59B200F2BCBF /* MenuCell.swift in Sources */,
				04F4429F29ABE7260065D6F4 /* SyrveAPIManager.swift in Sources */,
				0423BC8C299E96B700BE8BFC /* ItemCell.swift in Sources */,
				0423BC8F299EABD300BE8BFC /* ItemDetailsViewController.swift in Sources */,
				045ABBFD29AE4C7C00942686 /* ItemData.swift in Sources */,
				045ABC0229AE753100942686 /* SyrveCreateOrder.swift in Sources */,
				04F12014299FED59008DF518 /* HomescreenStructs.swift in Sources */,
				04220BE829B0DFB6005D53C4 /* BasketCustomerInfoCell.swift in Sources */,
				04E08F6629A67538007E4F09 /* PointsCell.swift in Sources */,
				04F12011299FEBDD008DF518 /* FirebaseManager.swift in Sources */,
				04B295BB299953820076984A /* SceneDelegate.swift in Sources */,
				04899C1029B289B4000BB5DD /* OrderPlacedViewController.swift in Sources */,
				04B295CD299978600076984A /* IntroductionTipsPageViewController.swift in Sources */,
			);
			runOnlyForDeploymentPostprocessing = 0;
		};
/* End PBXSourcesBuildPhase section */

/* Begin PBXVariantGroup section */
		04B295BE299953820076984A /* Main.storyboard */ = {
			isa = PBXVariantGroup;
			children = (
				04B295BF299953820076984A /* Base */,
			);
			name = Main.storyboard;
			sourceTree = "<group>";
		};
		04B295C3299953840076984A /* LaunchScreen.storyboard */ = {
			isa = PBXVariantGroup;
			children = (
				04B295C4299953840076984A /* Base */,
			);
			name = LaunchScreen.storyboard;
			sourceTree = "<group>";
		};
/* End PBXVariantGroup section */

/* Begin XCBuildConfiguration section */
		04B295C7299953840076984A /* Debug */ = {
			isa = XCBuildConfiguration;
			buildSettings = {
				ALWAYS_SEARCH_USER_PATHS = NO;
				CLANG_ANALYZER_NONNULL = YES;
				CLANG_ANALYZER_NUMBER_OBJECT_CONVERSION = YES_AGGRESSIVE;
				CLANG_CXX_LANGUAGE_STANDARD = "gnu++17";
				CLANG_CXX_LIBRARY = "libc++";
				CLANG_ENABLE_MODULES = YES;
				CLANG_ENABLE_OBJC_ARC = YES;
				CLANG_ENABLE_OBJC_WEAK = YES;
				CLANG_WARN_BLOCK_CAPTURE_AUTORELEASING = YES;
				CLANG_WARN_BOOL_CONVERSION = YES;
				CLANG_WARN_COMMA = YES;
				CLANG_WARN_CONSTANT_CONVERSION = YES;
				CLANG_WARN_DEPRECATED_OBJC_IMPLEMENTATIONS = YES;
				CLANG_WARN_DIRECT_OBJC_ISA_USAGE = YES_ERROR;
				CLANG_WARN_DOCUMENTATION_COMMENTS = YES;
				CLANG_WARN_EMPTY_BODY = YES;
				CLANG_WARN_ENUM_CONVERSION = YES;
				CLANG_WARN_INFINITE_RECURSION = YES;
				CLANG_WARN_INT_CONVERSION = YES;
				CLANG_WARN_NON_LITERAL_NULL_CONVERSION = YES;
				CLANG_WARN_OBJC_IMPLICIT_RETAIN_SELF = YES;
				CLANG_WARN_OBJC_LITERAL_CONVERSION = YES;
				CLANG_WARN_OBJC_ROOT_CLASS = YES_ERROR;
				CLANG_WARN_QUOTED_INCLUDE_IN_FRAMEWORK_HEADER = YES;
				CLANG_WARN_RANGE_LOOP_ANALYSIS = YES;
				CLANG_WARN_STRICT_PROTOTYPES = YES;
				CLANG_WARN_SUSPICIOUS_MOVE = YES;
				CLANG_WARN_UNGUARDED_AVAILABILITY = YES_AGGRESSIVE;
				CLANG_WARN_UNREACHABLE_CODE = YES;
				CLANG_WARN__DUPLICATE_METHOD_MATCH = YES;
				COPY_PHASE_STRIP = NO;
				DEBUG_INFORMATION_FORMAT = dwarf;
				ENABLE_STRICT_OBJC_MSGSEND = YES;
				ENABLE_TESTABILITY = YES;
				GCC_C_LANGUAGE_STANDARD = gnu11;
				GCC_DYNAMIC_NO_PIC = NO;
				GCC_NO_COMMON_BLOCKS = YES;
				GCC_OPTIMIZATION_LEVEL = 0;
				GCC_PREPROCESSOR_DEFINITIONS = (
					"DEBUG=1",
					"$(inherited)",
				);
				GCC_WARN_64_TO_32_BIT_CONVERSION = YES;
				GCC_WARN_ABOUT_RETURN_TYPE = YES_ERROR;
				GCC_WARN_UNDECLARED_SELECTOR = YES;
				GCC_WARN_UNINITIALIZED_AUTOS = YES_AGGRESSIVE;
				GCC_WARN_UNUSED_FUNCTION = YES;
				GCC_WARN_UNUSED_VARIABLE = YES;
				IPHONEOS_DEPLOYMENT_TARGET = 15.2;
				MTL_ENABLE_DEBUG_INFO = INCLUDE_SOURCE;
				MTL_FAST_MATH = YES;
				ONLY_ACTIVE_ARCH = YES;
				SDKROOT = iphoneos;
				SWIFT_ACTIVE_COMPILATION_CONDITIONS = DEBUG;
				SWIFT_OPTIMIZATION_LEVEL = "-Onone";
			};
			name = Debug;
		};
		04B295C8299953840076984A /* Release */ = {
			isa = XCBuildConfiguration;
			buildSettings = {
				ALWAYS_SEARCH_USER_PATHS = NO;
				CLANG_ANALYZER_NONNULL = YES;
				CLANG_ANALYZER_NUMBER_OBJECT_CONVERSION = YES_AGGRESSIVE;
				CLANG_CXX_LANGUAGE_STANDARD = "gnu++17";
				CLANG_CXX_LIBRARY = "libc++";
				CLANG_ENABLE_MODULES = YES;
				CLANG_ENABLE_OBJC_ARC = YES;
				CLANG_ENABLE_OBJC_WEAK = YES;
				CLANG_WARN_BLOCK_CAPTURE_AUTORELEASING = YES;
				CLANG_WARN_BOOL_CONVERSION = YES;
				CLANG_WARN_COMMA = YES;
				CLANG_WARN_CONSTANT_CONVERSION = YES;
				CLANG_WARN_DEPRECATED_OBJC_IMPLEMENTATIONS = YES;
				CLANG_WARN_DIRECT_OBJC_ISA_USAGE = YES_ERROR;
				CLANG_WARN_DOCUMENTATION_COMMENTS = YES;
				CLANG_WARN_EMPTY_BODY = YES;
				CLANG_WARN_ENUM_CONVERSION = YES;
				CLANG_WARN_INFINITE_RECURSION = YES;
				CLANG_WARN_INT_CONVERSION = YES;
				CLANG_WARN_NON_LITERAL_NULL_CONVERSION = YES;
				CLANG_WARN_OBJC_IMPLICIT_RETAIN_SELF = YES;
				CLANG_WARN_OBJC_LITERAL_CONVERSION = YES;
				CLANG_WARN_OBJC_ROOT_CLASS = YES_ERROR;
				CLANG_WARN_QUOTED_INCLUDE_IN_FRAMEWORK_HEADER = YES;
				CLANG_WARN_RANGE_LOOP_ANALYSIS = YES;
				CLANG_WARN_STRICT_PROTOTYPES = YES;
				CLANG_WARN_SUSPICIOUS_MOVE = YES;
				CLANG_WARN_UNGUARDED_AVAILABILITY = YES_AGGRESSIVE;
				CLANG_WARN_UNREACHABLE_CODE = YES;
				CLANG_WARN__DUPLICATE_METHOD_MATCH = YES;
				COPY_PHASE_STRIP = NO;
				DEBUG_INFORMATION_FORMAT = "dwarf-with-dsym";
				ENABLE_NS_ASSERTIONS = NO;
				ENABLE_STRICT_OBJC_MSGSEND = YES;
				GCC_C_LANGUAGE_STANDARD = gnu11;
				GCC_NO_COMMON_BLOCKS = YES;
				GCC_WARN_64_TO_32_BIT_CONVERSION = YES;
				GCC_WARN_ABOUT_RETURN_TYPE = YES_ERROR;
				GCC_WARN_UNDECLARED_SELECTOR = YES;
				GCC_WARN_UNINITIALIZED_AUTOS = YES_AGGRESSIVE;
				GCC_WARN_UNUSED_FUNCTION = YES;
				GCC_WARN_UNUSED_VARIABLE = YES;
				IPHONEOS_DEPLOYMENT_TARGET = 15.2;
				MTL_ENABLE_DEBUG_INFO = NO;
				MTL_FAST_MATH = YES;
				SDKROOT = iphoneos;
				SWIFT_COMPILATION_MODE = wholemodule;
				SWIFT_OPTIMIZATION_LEVEL = "-O";
				VALIDATE_PRODUCT = YES;
			};
			name = Release;
		};
		04B295CA299953840076984A /* Debug */ = {
			isa = XCBuildConfiguration;
			buildSettings = {
				ASSETCATALOG_COMPILER_APPICON_NAME = AppIcon;
				ASSETCATALOG_COMPILER_GLOBAL_ACCENT_COLOR_NAME = AccentColor;
				CODE_SIGN_STYLE = Automatic;
				CURRENT_PROJECT_VERSION = 1;
				DEVELOPMENT_TEAM = DKBJ2N927G;
				GENERATE_INFOPLIST_FILE = YES;
				INFOPLIST_FILE = "Mama Jean's Pizza/Resources/Info.plist";
				INFOPLIST_KEY_UIApplicationSupportsIndirectInputEvents = YES;
				INFOPLIST_KEY_UILaunchStoryboardName = LaunchScreen;
				INFOPLIST_KEY_UIMainStoryboardFile = Main;
				INFOPLIST_KEY_UISupportedInterfaceOrientations = UIInterfaceOrientationPortrait;
				INFOPLIST_KEY_UISupportedInterfaceOrientations_iPad = "UIInterfaceOrientationPortrait UIInterfaceOrientationPortraitUpsideDown UIInterfaceOrientationLandscapeLeft UIInterfaceOrientationLandscapeRight";
				INFOPLIST_KEY_UISupportedInterfaceOrientations_iPhone = "UIInterfaceOrientationPortrait UIInterfaceOrientationLandscapeLeft UIInterfaceOrientationLandscapeRight";
				LD_RUNPATH_SEARCH_PATHS = (
					"$(inherited)",
					"@executable_path/Frameworks",
				);
				MARKETING_VERSION = 1.0;
				PRODUCT_BUNDLE_IDENTIFIER = "Lap42.Mama-Jean-s-Pizza";
				PRODUCT_NAME = "$(TARGET_NAME)";
				SWIFT_EMIT_LOC_STRINGS = YES;
				SWIFT_VERSION = 5.0;
				TARGETED_DEVICE_FAMILY = 1;
			};
			name = Debug;
		};
		04B295CB299953840076984A /* Release */ = {
			isa = XCBuildConfiguration;
			buildSettings = {
				ASSETCATALOG_COMPILER_APPICON_NAME = AppIcon;
				ASSETCATALOG_COMPILER_GLOBAL_ACCENT_COLOR_NAME = AccentColor;
				CODE_SIGN_STYLE = Automatic;
				CURRENT_PROJECT_VERSION = 1;
				DEVELOPMENT_TEAM = DKBJ2N927G;
				GENERATE_INFOPLIST_FILE = YES;
				INFOPLIST_FILE = "Mama Jean's Pizza/Resources/Info.plist";
				INFOPLIST_KEY_UIApplicationSupportsIndirectInputEvents = YES;
				INFOPLIST_KEY_UILaunchStoryboardName = LaunchScreen;
				INFOPLIST_KEY_UIMainStoryboardFile = Main;
				INFOPLIST_KEY_UISupportedInterfaceOrientations = UIInterfaceOrientationPortrait;
				INFOPLIST_KEY_UISupportedInterfaceOrientations_iPad = "UIInterfaceOrientationPortrait UIInterfaceOrientationPortraitUpsideDown UIInterfaceOrientationLandscapeLeft UIInterfaceOrientationLandscapeRight";
				INFOPLIST_KEY_UISupportedInterfaceOrientations_iPhone = "UIInterfaceOrientationPortrait UIInterfaceOrientationLandscapeLeft UIInterfaceOrientationLandscapeRight";
				LD_RUNPATH_SEARCH_PATHS = (
					"$(inherited)",
					"@executable_path/Frameworks",
				);
				MARKETING_VERSION = 1.0;
				PRODUCT_BUNDLE_IDENTIFIER = "Lap42.Mama-Jean-s-Pizza";
				PRODUCT_NAME = "$(TARGET_NAME)";
				SWIFT_EMIT_LOC_STRINGS = YES;
				SWIFT_VERSION = 5.0;
				TARGETED_DEVICE_FAMILY = 1;
			};
			name = Release;
		};
/* End XCBuildConfiguration section */

/* Begin XCConfigurationList section */
		04B295B0299953820076984A /* Build configuration list for PBXProject "Mama Jean's Pizza" */ = {
			isa = XCConfigurationList;
			buildConfigurations = (
				04B295C7299953840076984A /* Debug */,
				04B295C8299953840076984A /* Release */,
			);
			defaultConfigurationIsVisible = 0;
			defaultConfigurationName = Release;
		};
		04B295C9299953840076984A /* Build configuration list for PBXNativeTarget "Mama Jean's Pizza" */ = {
			isa = XCConfigurationList;
			buildConfigurations = (
				04B295CA299953840076984A /* Debug */,
				04B295CB299953840076984A /* Release */,
			);
			defaultConfigurationIsVisible = 0;
			defaultConfigurationName = Release;
		};
/* End XCConfigurationList section */

/* Begin XCRemoteSwiftPackageReference section */
		04F12007299FE8CD008DF518 /* XCRemoteSwiftPackageReference "firebase-ios-sdk" */ = {
			isa = XCRemoteSwiftPackageReference;
			repositoryURL = "https://github.com/firebase/firebase-ios-sdk";
			requirement = {
				kind = upToNextMajorVersion;
				minimumVersion = 9.0.0;
			};
		};
		04F1201529A003F6008DF518 /* XCRemoteSwiftPackageReference "SnapKit" */ = {
			isa = XCRemoteSwiftPackageReference;
			repositoryURL = "https://github.com/SnapKit/SnapKit";
			requirement = {
				kind = upToNextMajorVersion;
				minimumVersion = 5.0.0;
			};
		};
/* End XCRemoteSwiftPackageReference section */

/* Begin XCSwiftPackageProductDependency section */
		04F12008299FE8CD008DF518 /* FirebaseAnalytics */ = {
			isa = XCSwiftPackageProductDependency;
			package = 04F12007299FE8CD008DF518 /* XCRemoteSwiftPackageReference "firebase-ios-sdk" */;
			productName = FirebaseAnalytics;
		};
		04F1200A299FE8CD008DF518 /* FirebaseDatabase */ = {
			isa = XCSwiftPackageProductDependency;
			package = 04F12007299FE8CD008DF518 /* XCRemoteSwiftPackageReference "firebase-ios-sdk" */;
			productName = FirebaseDatabase;
		};
		04F1200C299FE8CD008DF518 /* FirebaseFirestore */ = {
			isa = XCSwiftPackageProductDependency;
			package = 04F12007299FE8CD008DF518 /* XCRemoteSwiftPackageReference "firebase-ios-sdk" */;
			productName = FirebaseFirestore;
		};
		04F1200E299FE8CD008DF518 /* FirebaseStorage */ = {
			isa = XCSwiftPackageProductDependency;
			package = 04F12007299FE8CD008DF518 /* XCRemoteSwiftPackageReference "firebase-ios-sdk" */;
			productName = FirebaseStorage;
		};
		04F1201629A003F6008DF518 /* SnapKit */ = {
			isa = XCSwiftPackageProductDependency;
			package = 04F1201529A003F6008DF518 /* XCRemoteSwiftPackageReference "SnapKit" */;
			productName = SnapKit;
		};
/* End XCSwiftPackageProductDependency section */
	};
	rootObject = 04B295AD299953820076984A /* Project object */;
}
