// !$*UTF8*$!
{
	archiveVersion = 1;
	classes = {
	};
	objectVersion = 55;
	objects = {

/* Begin PBXBuildFile section */
		040489DC29D837C600A183F4 /* BasketButtonView.swift in Sources */ = {isa = PBXBuildFile; fileRef = 040489DB29D837C600A183F4 /* BasketButtonView.swift */; };
		04141DCC29B538FB00C215DD /* HomepageStructs.swift in Sources */ = {isa = PBXBuildFile; fileRef = 04141DCB29B538FB00C215DD /* HomepageStructs.swift */; };
		04220BE829B0DFB6005D53C4 /* BasketCustomerInfoCell.swift in Sources */ = {isa = PBXBuildFile; fileRef = 04220BE729B0DFB6005D53C4 /* BasketCustomerInfoCell.swift */; };
		04220BED29B13F74005D53C4 /* PaymentTypesViewController.swift in Sources */ = {isa = PBXBuildFile; fileRef = 04220BEC29B13F74005D53C4 /* PaymentTypesViewController.swift */; };
		0423BC92299EBC4D00BE8BFC /* ChooseAStoreModel.swift in Sources */ = {isa = PBXBuildFile; fileRef = 0423BC91299EBC4D00BE8BFC /* ChooseAStoreModel.swift */; };
		0436295C29CCBA49001964E5 /* HomePageController.swift in Sources */ = {isa = PBXBuildFile; fileRef = 0436295B29CCBA49001964E5 /* HomePageController.swift */; };
		0437006729DDC9EE00554719 /* DealDescriptionView.swift in Sources */ = {isa = PBXBuildFile; fileRef = 0437006629DDC9EE00554719 /* DealDescriptionView.swift */; };
		0437006929DDCA0E00554719 /* ParalaxTableViewHeader.swift in Sources */ = {isa = PBXBuildFile; fileRef = 0437006829DDCA0E00554719 /* ParalaxTableViewHeader.swift */; };
		0437006B29DDD74D00554719 /* DealDescriptionCell.swift in Sources */ = {isa = PBXBuildFile; fileRef = 0437006A29DDD74D00554719 /* DealDescriptionCell.swift */; };
		044215EB29D4827200B3109A /* ItemsModel.swift in Sources */ = {isa = PBXBuildFile; fileRef = 044215EA29D4827200B3109A /* ItemsModel.swift */; };
		044215ED29D4827E00B3109A /* ItemsView.swift in Sources */ = {isa = PBXBuildFile; fileRef = 044215EC29D4827E00B3109A /* ItemsView.swift */; };
		044215EF29D4828C00B3109A /* ItemsController.swift in Sources */ = {isa = PBXBuildFile; fileRef = 044215EE29D4828C00B3109A /* ItemsController.swift */; };
		044215F129D4829700B3109A /* ItemsCell.swift in Sources */ = {isa = PBXBuildFile; fileRef = 044215F029D4829700B3109A /* ItemsCell.swift */; };
		044215F329D4850000B3109A /* BasketObserver.swift in Sources */ = {isa = PBXBuildFile; fileRef = 044215F229D4850000B3109A /* BasketObserver.swift */; };
		044215F629D4B09E00B3109A /* ItemDetailsController.swift in Sources */ = {isa = PBXBuildFile; fileRef = 044215F529D4B09E00B3109A /* ItemDetailsController.swift */; };
		044215F829D4B0AE00B3109A /* ItemDetailsView.swift in Sources */ = {isa = PBXBuildFile; fileRef = 044215F729D4B0AE00B3109A /* ItemDetailsView.swift */; };
		045654A629D5DCA8009AA225 /* BasketModel.swift in Sources */ = {isa = PBXBuildFile; fileRef = 045654A529D5DCA8009AA225 /* BasketModel.swift */; };
		045654A829D5DCC9009AA225 /* BasketView.swift in Sources */ = {isa = PBXBuildFile; fileRef = 045654A729D5DCC9009AA225 /* BasketView.swift */; };
		045654AA29D5DCD3009AA225 /* BasketController.swift in Sources */ = {isa = PBXBuildFile; fileRef = 045654A929D5DCD3009AA225 /* BasketController.swift */; };
		045654AF29D5E3AC009AA225 /* DealDescriptionController.swift in Sources */ = {isa = PBXBuildFile; fileRef = 045654AE29D5E3AC009AA225 /* DealDescriptionController.swift */; };
		045654B229D5E481009AA225 /* IntroController.swift in Sources */ = {isa = PBXBuildFile; fileRef = 045654B129D5E481009AA225 /* IntroController.swift */; };
		045654B629D612EC009AA225 /* BalanceView.swift in Sources */ = {isa = PBXBuildFile; fileRef = 045654B529D612EC009AA225 /* BalanceView.swift */; };
		045ABBFD29AE4C7C00942686 /* ItemData.swift in Sources */ = {isa = PBXBuildFile; fileRef = 045ABBFC29AE4C7C00942686 /* ItemData.swift */; };
		045ABBFF29AE5D8700942686 /* Basket.swift in Sources */ = {isa = PBXBuildFile; fileRef = 045ABBFE29AE5D8700942686 /* Basket.swift */; };
		045ABC0229AE753100942686 /* SyrveCreateOrder.swift in Sources */ = {isa = PBXBuildFile; fileRef = 045ABC0129AE753100942686 /* SyrveCreateOrder.swift */; };
		0478039229D9E5E900D85C12 /* IntroPageModel.swift in Sources */ = {isa = PBXBuildFile; fileRef = 0478039129D9E5E900D85C12 /* IntroPageModel.swift */; };
		0478039429D9E8EE00D85C12 /* IntroView.swift in Sources */ = {isa = PBXBuildFile; fileRef = 0478039329D9E8EE00D85C12 /* IntroView.swift */; };
		047FD8F529E1D9CD00E1D975 /* HomePageContainerController.swift in Sources */ = {isa = PBXBuildFile; fileRef = 047FD8F429E1D9CD00E1D975 /* HomePageContainerController.swift */; };
		047FD8F729E1DA4C00E1D975 /* MainMenuController.swift in Sources */ = {isa = PBXBuildFile; fileRef = 047FD8F629E1DA4C00E1D975 /* MainMenuController.swift */; };
		04899C1029B289B4000BB5DD /* OrderPlacedViewController.swift in Sources */ = {isa = PBXBuildFile; fileRef = 04899C0F29B289B4000BB5DD /* OrderPlacedViewController.swift */; };
		04AD8DB4299A873D00C25FF7 /* MenuManager.swift in Sources */ = {isa = PBXBuildFile; fileRef = 04AD8DB3299A873D00C25FF7 /* MenuManager.swift */; };
		04B295B9299953820076984A /* AppDelegate.swift in Sources */ = {isa = PBXBuildFile; fileRef = 04B295B8299953820076984A /* AppDelegate.swift */; };
		04B295BB299953820076984A /* SceneDelegate.swift in Sources */ = {isa = PBXBuildFile; fileRef = 04B295BA299953820076984A /* SceneDelegate.swift */; };
		04B295C2299953840076984A /* Assets.xcassets in Resources */ = {isa = PBXBuildFile; fileRef = 04B295C1299953840076984A /* Assets.xcassets */; };
		04B295C5299953840076984A /* LaunchScreen.storyboard in Resources */ = {isa = PBXBuildFile; fileRef = 04B295C3299953840076984A /* LaunchScreen.storyboard */; };
		04B295CD299978600076984A /* IntroPageController.swift in Sources */ = {isa = PBXBuildFile; fileRef = 04B295CC299978600076984A /* IntroPageController.swift */; };
		04B60D1429CCBD2F005E8B94 /* HomePageView.swift in Sources */ = {isa = PBXBuildFile; fileRef = 04B60D1329CCBD2F005E8B94 /* HomePageView.swift */; };
		04B60D1929CCBF3E005E8B94 /* GlobalUIConstants.swift in Sources */ = {isa = PBXBuildFile; fileRef = 04B60D1829CCBF3E005E8B94 /* GlobalUIConstants.swift */; };
		04B60D1C29D093D8005E8B94 /* AlertManager.swift in Sources */ = {isa = PBXBuildFile; fileRef = 04B60D1B29D093D8005E8B94 /* AlertManager.swift */; };
		04B60D1E29D09A78005E8B94 /* HomePageModel.swift in Sources */ = {isa = PBXBuildFile; fileRef = 04B60D1D29D09A78005E8B94 /* HomePageModel.swift */; };
		04EA95F929DB4AAE009F7220 /* HomePageCell.swift in Sources */ = {isa = PBXBuildFile; fileRef = 04EA95F829DB4AAE009F7220 /* HomePageCell.swift */; };
		04F12006299FE63D008DF518 /* GoogleService-Info.plist in Resources */ = {isa = PBXBuildFile; fileRef = 04F12005299FE63D008DF518 /* GoogleService-Info.plist */; };
		04F12009299FE8CD008DF518 /* FirebaseAnalytics in Frameworks */ = {isa = PBXBuildFile; productRef = 04F12008299FE8CD008DF518 /* FirebaseAnalytics */; };
		04F1200B299FE8CD008DF518 /* FirebaseDatabase in Frameworks */ = {isa = PBXBuildFile; productRef = 04F1200A299FE8CD008DF518 /* FirebaseDatabase */; };
		04F1200D299FE8CD008DF518 /* FirebaseFirestore in Frameworks */ = {isa = PBXBuildFile; productRef = 04F1200C299FE8CD008DF518 /* FirebaseFirestore */; };
		04F1200F299FE8CD008DF518 /* FirebaseStorage in Frameworks */ = {isa = PBXBuildFile; productRef = 04F1200E299FE8CD008DF518 /* FirebaseStorage */; };
		04F12011299FEBDD008DF518 /* FirebaseManager.swift in Sources */ = {isa = PBXBuildFile; fileRef = 04F12010299FEBDD008DF518 /* FirebaseManager.swift */; };
		04F1201729A003F6008DF518 /* SnapKit in Frameworks */ = {isa = PBXBuildFile; productRef = 04F1201629A003F6008DF518 /* SnapKit */; };
		04F19BCA29D3328E00180545 /* ChooseAStoreController.swift in Sources */ = {isa = PBXBuildFile; fileRef = 04F19BC929D3328E00180545 /* ChooseAStoreController.swift */; };
		04F19BCC29D3330300180545 /* ChooseAStoreView.swift in Sources */ = {isa = PBXBuildFile; fileRef = 04F19BCB29D3330300180545 /* ChooseAStoreView.swift */; };
		04F19BCF29D356BD00180545 /* MenuModel.swift in Sources */ = {isa = PBXBuildFile; fileRef = 04F19BCE29D356BD00180545 /* MenuModel.swift */; };
		04F19BD129D356D100180545 /* MenuView.swift in Sources */ = {isa = PBXBuildFile; fileRef = 04F19BD029D356D100180545 /* MenuView.swift */; };
		04F19BD329D356DF00180545 /* MenuController.swift in Sources */ = {isa = PBXBuildFile; fileRef = 04F19BD229D356DF00180545 /* MenuController.swift */; };
		04F19BD529D3577200180545 /* MenuCell.swift in Sources */ = {isa = PBXBuildFile; fileRef = 04F19BD429D3577200180545 /* MenuCell.swift */; };
		04F21E5C29D1FCCD00D62C66 /* BalanceObserver.swift in Sources */ = {isa = PBXBuildFile; fileRef = 04F21E5B29D1FCCD00D62C66 /* BalanceObserver.swift */; };
		04F21E5E29D212E300D62C66 /* UserDefaultsManager.swift in Sources */ = {isa = PBXBuildFile; fileRef = 04F21E5D29D212E300D62C66 /* UserDefaultsManager.swift */; };
		04F4429F29ABE7260065D6F4 /* SyrveAPIManager.swift in Sources */ = {isa = PBXBuildFile; fileRef = 04F4429E29ABE7260065D6F4 /* SyrveAPIManager.swift */; };
		04F442A129ABE8280065D6F4 /* SyrveMenu.swift in Sources */ = {isa = PBXBuildFile; fileRef = 04F442A029ABE8280065D6F4 /* SyrveMenu.swift */; };
		04F442A329ABEAC80065D6F4 /* SyrveToken.swift in Sources */ = {isa = PBXBuildFile; fileRef = 04F442A229ABEAC80065D6F4 /* SyrveToken.swift */; };
		04F442A529AD043E0065D6F4 /* SyrveAPIConstants.swift in Sources */ = {isa = PBXBuildFile; fileRef = 04F442A429AD043E0065D6F4 /* SyrveAPIConstants.swift */; };
/* End PBXBuildFile section */

/* Begin PBXFileReference section */
		040489DB29D837C600A183F4 /* BasketButtonView.swift */ = {isa = PBXFileReference; lastKnownFileType = sourcecode.swift; path = BasketButtonView.swift; sourceTree = "<group>"; };
		04141DCB29B538FB00C215DD /* HomepageStructs.swift */ = {isa = PBXFileReference; lastKnownFileType = sourcecode.swift; path = HomepageStructs.swift; sourceTree = "<group>"; };
		04220BE729B0DFB6005D53C4 /* BasketCustomerInfoCell.swift */ = {isa = PBXFileReference; lastKnownFileType = sourcecode.swift; path = BasketCustomerInfoCell.swift; sourceTree = "<group>"; };
		04220BEC29B13F74005D53C4 /* PaymentTypesViewController.swift */ = {isa = PBXFileReference; lastKnownFileType = sourcecode.swift; path = PaymentTypesViewController.swift; sourceTree = "<group>"; };
		0423BC91299EBC4D00BE8BFC /* ChooseAStoreModel.swift */ = {isa = PBXFileReference; lastKnownFileType = sourcecode.swift; path = ChooseAStoreModel.swift; sourceTree = "<group>"; };
		0436295B29CCBA49001964E5 /* HomePageController.swift */ = {isa = PBXFileReference; lastKnownFileType = sourcecode.swift; path = HomePageController.swift; sourceTree = "<group>"; };
		0437006629DDC9EE00554719 /* DealDescriptionView.swift */ = {isa = PBXFileReference; lastKnownFileType = sourcecode.swift; path = DealDescriptionView.swift; sourceTree = "<group>"; };
		0437006829DDCA0E00554719 /* ParalaxTableViewHeader.swift */ = {isa = PBXFileReference; lastKnownFileType = sourcecode.swift; path = ParalaxTableViewHeader.swift; sourceTree = "<group>"; };
		0437006A29DDD74D00554719 /* DealDescriptionCell.swift */ = {isa = PBXFileReference; lastKnownFileType = sourcecode.swift; path = DealDescriptionCell.swift; sourceTree = "<group>"; };
		044215EA29D4827200B3109A /* ItemsModel.swift */ = {isa = PBXFileReference; lastKnownFileType = sourcecode.swift; path = ItemsModel.swift; sourceTree = "<group>"; };
		044215EC29D4827E00B3109A /* ItemsView.swift */ = {isa = PBXFileReference; lastKnownFileType = sourcecode.swift; path = ItemsView.swift; sourceTree = "<group>"; };
		044215EE29D4828C00B3109A /* ItemsController.swift */ = {isa = PBXFileReference; lastKnownFileType = sourcecode.swift; path = ItemsController.swift; sourceTree = "<group>"; };
		044215F029D4829700B3109A /* ItemsCell.swift */ = {isa = PBXFileReference; lastKnownFileType = sourcecode.swift; path = ItemsCell.swift; sourceTree = "<group>"; };
		044215F229D4850000B3109A /* BasketObserver.swift */ = {isa = PBXFileReference; lastKnownFileType = sourcecode.swift; path = BasketObserver.swift; sourceTree = "<group>"; };
		044215F529D4B09E00B3109A /* ItemDetailsController.swift */ = {isa = PBXFileReference; lastKnownFileType = sourcecode.swift; path = ItemDetailsController.swift; sourceTree = "<group>"; };
		044215F729D4B0AE00B3109A /* ItemDetailsView.swift */ = {isa = PBXFileReference; lastKnownFileType = sourcecode.swift; path = ItemDetailsView.swift; sourceTree = "<group>"; };
		045654A529D5DCA8009AA225 /* BasketModel.swift */ = {isa = PBXFileReference; lastKnownFileType = sourcecode.swift; path = BasketModel.swift; sourceTree = "<group>"; };
		045654A729D5DCC9009AA225 /* BasketView.swift */ = {isa = PBXFileReference; lastKnownFileType = sourcecode.swift; path = BasketView.swift; sourceTree = "<group>"; };
		045654A929D5DCD3009AA225 /* BasketController.swift */ = {isa = PBXFileReference; lastKnownFileType = sourcecode.swift; path = BasketController.swift; sourceTree = "<group>"; };
		045654AE29D5E3AC009AA225 /* DealDescriptionController.swift */ = {isa = PBXFileReference; lastKnownFileType = sourcecode.swift; path = DealDescriptionController.swift; sourceTree = "<group>"; };
		045654B129D5E481009AA225 /* IntroController.swift */ = {isa = PBXFileReference; lastKnownFileType = sourcecode.swift; path = IntroController.swift; sourceTree = "<group>"; };
		045654B529D612EC009AA225 /* BalanceView.swift */ = {isa = PBXFileReference; lastKnownFileType = sourcecode.swift; path = BalanceView.swift; sourceTree = "<group>"; };
		045ABBFC29AE4C7C00942686 /* ItemData.swift */ = {isa = PBXFileReference; lastKnownFileType = sourcecode.swift; path = ItemData.swift; sourceTree = "<group>"; };
		045ABBFE29AE5D8700942686 /* Basket.swift */ = {isa = PBXFileReference; lastKnownFileType = sourcecode.swift; path = Basket.swift; sourceTree = "<group>"; };
		045ABC0129AE753100942686 /* SyrveCreateOrder.swift */ = {isa = PBXFileReference; lastKnownFileType = sourcecode.swift; path = SyrveCreateOrder.swift; sourceTree = "<group>"; };
		0478039129D9E5E900D85C12 /* IntroPageModel.swift */ = {isa = PBXFileReference; lastKnownFileType = sourcecode.swift; path = IntroPageModel.swift; sourceTree = "<group>"; };
		0478039329D9E8EE00D85C12 /* IntroView.swift */ = {isa = PBXFileReference; lastKnownFileType = sourcecode.swift; path = IntroView.swift; sourceTree = "<group>"; };
		047FD8F429E1D9CD00E1D975 /* HomePageContainerController.swift */ = {isa = PBXFileReference; lastKnownFileType = sourcecode.swift; path = HomePageContainerController.swift; sourceTree = "<group>"; };
		047FD8F629E1DA4C00E1D975 /* MainMenuController.swift */ = {isa = PBXFileReference; lastKnownFileType = sourcecode.swift; path = MainMenuController.swift; sourceTree = "<group>"; };
		04899C0F29B289B4000BB5DD /* OrderPlacedViewController.swift */ = {isa = PBXFileReference; lastKnownFileType = sourcecode.swift; path = OrderPlacedViewController.swift; sourceTree = "<group>"; };
		04AD8DB3299A873D00C25FF7 /* MenuManager.swift */ = {isa = PBXFileReference; lastKnownFileType = sourcecode.swift; path = MenuManager.swift; sourceTree = "<group>"; };
		04B295B5299953820076984A /* Mama Jean's Pizza.app */ = {isa = PBXFileReference; explicitFileType = wrapper.application; includeInIndex = 0; path = "Mama Jean's Pizza.app"; sourceTree = BUILT_PRODUCTS_DIR; };
		04B295B8299953820076984A /* AppDelegate.swift */ = {isa = PBXFileReference; lastKnownFileType = sourcecode.swift; path = AppDelegate.swift; sourceTree = "<group>"; };
		04B295BA299953820076984A /* SceneDelegate.swift */ = {isa = PBXFileReference; lastKnownFileType = sourcecode.swift; path = SceneDelegate.swift; sourceTree = "<group>"; };
		04B295C1299953840076984A /* Assets.xcassets */ = {isa = PBXFileReference; lastKnownFileType = folder.assetcatalog; path = Assets.xcassets; sourceTree = "<group>"; };
		04B295C4299953840076984A /* Base */ = {isa = PBXFileReference; lastKnownFileType = file.storyboard; name = Base; path = Base.lproj/LaunchScreen.storyboard; sourceTree = "<group>"; };
		04B295C6299953840076984A /* Info.plist */ = {isa = PBXFileReference; lastKnownFileType = text.plist.xml; path = Info.plist; sourceTree = "<group>"; };
		04B295CC299978600076984A /* IntroPageController.swift */ = {isa = PBXFileReference; lastKnownFileType = sourcecode.swift; path = IntroPageController.swift; sourceTree = "<group>"; };
		04B60D1329CCBD2F005E8B94 /* HomePageView.swift */ = {isa = PBXFileReference; lastKnownFileType = sourcecode.swift; path = HomePageView.swift; sourceTree = "<group>"; };
		04B60D1829CCBF3E005E8B94 /* GlobalUIConstants.swift */ = {isa = PBXFileReference; lastKnownFileType = sourcecode.swift; path = GlobalUIConstants.swift; sourceTree = "<group>"; };
		04B60D1B29D093D8005E8B94 /* AlertManager.swift */ = {isa = PBXFileReference; lastKnownFileType = sourcecode.swift; path = AlertManager.swift; sourceTree = "<group>"; };
		04B60D1D29D09A78005E8B94 /* HomePageModel.swift */ = {isa = PBXFileReference; lastKnownFileType = sourcecode.swift; path = HomePageModel.swift; sourceTree = "<group>"; };
		04EA95F829DB4AAE009F7220 /* HomePageCell.swift */ = {isa = PBXFileReference; lastKnownFileType = sourcecode.swift; path = HomePageCell.swift; sourceTree = "<group>"; };
		04F12005299FE63D008DF518 /* GoogleService-Info.plist */ = {isa = PBXFileReference; fileEncoding = 4; lastKnownFileType = text.plist.xml; path = "GoogleService-Info.plist"; sourceTree = "<group>"; };
		04F12010299FEBDD008DF518 /* FirebaseManager.swift */ = {isa = PBXFileReference; lastKnownFileType = sourcecode.swift; path = FirebaseManager.swift; sourceTree = "<group>"; };
		04F19BC929D3328E00180545 /* ChooseAStoreController.swift */ = {isa = PBXFileReference; lastKnownFileType = sourcecode.swift; path = ChooseAStoreController.swift; sourceTree = "<group>"; };
		04F19BCB29D3330300180545 /* ChooseAStoreView.swift */ = {isa = PBXFileReference; lastKnownFileType = sourcecode.swift; path = ChooseAStoreView.swift; sourceTree = "<group>"; };
		04F19BCE29D356BD00180545 /* MenuModel.swift */ = {isa = PBXFileReference; lastKnownFileType = sourcecode.swift; path = MenuModel.swift; sourceTree = "<group>"; };
		04F19BD029D356D100180545 /* MenuView.swift */ = {isa = PBXFileReference; lastKnownFileType = sourcecode.swift; path = MenuView.swift; sourceTree = "<group>"; };
		04F19BD229D356DF00180545 /* MenuController.swift */ = {isa = PBXFileReference; lastKnownFileType = sourcecode.swift; path = MenuController.swift; sourceTree = "<group>"; };
		04F19BD429D3577200180545 /* MenuCell.swift */ = {isa = PBXFileReference; lastKnownFileType = sourcecode.swift; path = MenuCell.swift; sourceTree = "<group>"; };
		04F21E5B29D1FCCD00D62C66 /* BalanceObserver.swift */ = {isa = PBXFileReference; lastKnownFileType = sourcecode.swift; path = BalanceObserver.swift; sourceTree = "<group>"; };
		04F21E5D29D212E300D62C66 /* UserDefaultsManager.swift */ = {isa = PBXFileReference; lastKnownFileType = sourcecode.swift; path = UserDefaultsManager.swift; sourceTree = "<group>"; };
		04F4429E29ABE7260065D6F4 /* SyrveAPIManager.swift */ = {isa = PBXFileReference; lastKnownFileType = sourcecode.swift; path = SyrveAPIManager.swift; sourceTree = "<group>"; };
		04F442A029ABE8280065D6F4 /* SyrveMenu.swift */ = {isa = PBXFileReference; lastKnownFileType = sourcecode.swift; path = SyrveMenu.swift; sourceTree = "<group>"; };
		04F442A229ABEAC80065D6F4 /* SyrveToken.swift */ = {isa = PBXFileReference; lastKnownFileType = sourcecode.swift; path = SyrveToken.swift; sourceTree = "<group>"; };
		04F442A429AD043E0065D6F4 /* SyrveAPIConstants.swift */ = {isa = PBXFileReference; lastKnownFileType = sourcecode.swift; path = SyrveAPIConstants.swift; sourceTree = "<group>"; };
/* End PBXFileReference section */

/* Begin PBXFrameworksBuildPhase section */
		04B295B2299953820076984A /* Frameworks */ = {
			isa = PBXFrameworksBuildPhase;
			buildActionMask = 2147483647;
			files = (
				04F1200B299FE8CD008DF518 /* FirebaseDatabase in Frameworks */,
				04F1200F299FE8CD008DF518 /* FirebaseStorage in Frameworks */,
				04F12009299FE8CD008DF518 /* FirebaseAnalytics in Frameworks */,
				04F1200D299FE8CD008DF518 /* FirebaseFirestore in Frameworks */,
				04F1201729A003F6008DF518 /* SnapKit in Frameworks */,
			);
			runOnlyForDeploymentPostprocessing = 0;
		};
/* End PBXFrameworksBuildPhase section */

/* Begin PBXGroup section */
		040489D829D823B300A183F4 /* Shared Views */ = {
			isa = PBXGroup;
			children = (
				045654B529D612EC009AA225 /* BalanceView.swift */,
				040489DB29D837C600A183F4 /* BasketButtonView.swift */,
				0437006829DDCA0E00554719 /* ParalaxTableViewHeader.swift */,
			);
			path = "Shared Views";
			sourceTree = "<group>";
		};
		0436295D29CCBA91001964E5 /* HomePage */ = {
			isa = PBXGroup;
			children = (
				047FD8F429E1D9CD00E1D975 /* HomePageContainerController.swift */,
				04B60D1D29D09A78005E8B94 /* HomePageModel.swift */,
				04B60D1329CCBD2F005E8B94 /* HomePageView.swift */,
				0436295B29CCBA49001964E5 /* HomePageController.swift */,
				04EA95F829DB4AAE009F7220 /* HomePageCell.swift */,
				047FD8F629E1DA4C00E1D975 /* MainMenuController.swift */,
			);
			path = HomePage;
			sourceTree = "<group>";
		};
		044215E929D4825100B3109A /* Items */ = {
			isa = PBXGroup;
			children = (
				044215EA29D4827200B3109A /* ItemsModel.swift */,
				044215EC29D4827E00B3109A /* ItemsView.swift */,
				044215EE29D4828C00B3109A /* ItemsController.swift */,
				044215F029D4829700B3109A /* ItemsCell.swift */,
			);
			path = Items;
			sourceTree = "<group>";
		};
		044215F429D4B07400B3109A /* ItemDetails */ = {
			isa = PBXGroup;
			children = (
				044215F729D4B0AE00B3109A /* ItemDetailsView.swift */,
				044215F529D4B09E00B3109A /* ItemDetailsController.swift */,
			);
			path = ItemDetails;
			sourceTree = "<group>";
		};
		045654A429D5DC4F009AA225 /* Basket */ = {
			isa = PBXGroup;
			children = (
				045654A529D5DCA8009AA225 /* BasketModel.swift */,
				045654A729D5DCC9009AA225 /* BasketView.swift */,
				045654A929D5DCD3009AA225 /* BasketController.swift */,
				04220BE729B0DFB6005D53C4 /* BasketCustomerInfoCell.swift */,
			);
			path = Basket;
			sourceTree = "<group>";
		};
		045654AB29D5E29C009AA225 /* PaymentTypes */ = {
			isa = PBXGroup;
			children = (
				04220BEC29B13F74005D53C4 /* PaymentTypesViewController.swift */,
			);
			path = PaymentTypes;
			sourceTree = "<group>";
		};
		045654AC29D5E2F2009AA225 /* OrderPlaced */ = {
			isa = PBXGroup;
			children = (
				04899C0F29B289B4000BB5DD /* OrderPlacedViewController.swift */,
			);
			path = OrderPlaced;
			sourceTree = "<group>";
		};
		045654AD29D5E391009AA225 /* DealDescription */ = {
			isa = PBXGroup;
			children = (
				0437006629DDC9EE00554719 /* DealDescriptionView.swift */,
				045654AE29D5E3AC009AA225 /* DealDescriptionController.swift */,
				0437006A29DDD74D00554719 /* DealDescriptionCell.swift */,
			);
			path = DealDescription;
			sourceTree = "<group>";
		};
		045654B029D5E451009AA225 /* IntroductionTips */ = {
			isa = PBXGroup;
			children = (
				0478039129D9E5E900D85C12 /* IntroPageModel.swift */,
				04B295CC299978600076984A /* IntroPageController.swift */,
				0478039329D9E8EE00D85C12 /* IntroView.swift */,
				045654B129D5E481009AA225 /* IntroController.swift */,
			);
			path = IntroductionTips;
			sourceTree = "<group>";
		};
		04B295AC299953820076984A = {
			isa = PBXGroup;
			children = (
				04B295B7299953820076984A /* Mama Jean's Pizza */,
				04B295B6299953820076984A /* Products */,
			);
			sourceTree = "<group>";
		};
		04B295B6299953820076984A /* Products */ = {
			isa = PBXGroup;
			children = (
				04B295B5299953820076984A /* Mama Jean's Pizza.app */,
			);
			name = Products;
			sourceTree = "<group>";
		};
		04B295B7299953820076984A /* Mama Jean's Pizza */ = {
			isa = PBXGroup;
			children = (
				04EDA86729A91B3800A0DA23 /* API */,
				04F12012299FED06008DF518 /* Application */,
				04B60D1229CCBB05005E8B94 /* Content */,
				04EDA86A29A91B5D00A0DA23 /* Core */,
				04EDA86629A91B0C00A0DA23 /* Resources */,
				04B60D1A29D093A3005E8B94 /* Services */,
			);
			path = "Mama Jean's Pizza";
			sourceTree = "<group>";
		};
		04B60D1229CCBB05005E8B94 /* Content */ = {
			isa = PBXGroup;
			children = (
				0436295D29CCBA91001964E5 /* HomePage */,
				045654B029D5E451009AA225 /* IntroductionTips */,
				045654AD29D5E391009AA225 /* DealDescription */,
				04F19BC829D3327A00180545 /* ChooseAStore */,
				04F19BCD29D3569600180545 /* Menu */,
				044215E929D4825100B3109A /* Items */,
				044215F429D4B07400B3109A /* ItemDetails */,
				045654A429D5DC4F009AA225 /* Basket */,
				045654AB29D5E29C009AA225 /* PaymentTypes */,
				045654AC29D5E2F2009AA225 /* OrderPlaced */,
				040489D829D823B300A183F4 /* Shared Views */,
			);
			path = Content;
			sourceTree = "<group>";
		};
		04B60D1A29D093A3005E8B94 /* Services */ = {
			isa = PBXGroup;
			children = (
				04B60D1B29D093D8005E8B94 /* AlertManager.swift */,
				04F21E5B29D1FCCD00D62C66 /* BalanceObserver.swift */,
				044215F229D4850000B3109A /* BasketObserver.swift */,
				04F21E5D29D212E300D62C66 /* UserDefaultsManager.swift */,
			);
			path = Services;
			sourceTree = "<group>";
		};
		04EDA86629A91B0C00A0DA23 /* Resources */ = {
			isa = PBXGroup;
			children = (
				04B295C1299953840076984A /* Assets.xcassets */,
				04B295C3299953840076984A /* LaunchScreen.storyboard */,
				04B295C6299953840076984A /* Info.plist */,
				04F12005299FE63D008DF518 /* GoogleService-Info.plist */,
				04B60D1829CCBF3E005E8B94 /* GlobalUIConstants.swift */,
			);
			path = Resources;
			sourceTree = "<group>";
		};
		04EDA86729A91B3800A0DA23 /* API */ = {
			isa = PBXGroup;
			children = (
				04EDA86929A91B4800A0DA23 /* Models */,
				04EDA86829A91B3E00A0DA23 /* Services */,
			);
			path = API;
			sourceTree = "<group>";
		};
		04EDA86829A91B3E00A0DA23 /* Services */ = {
			isa = PBXGroup;
			children = (
				04F12010299FEBDD008DF518 /* FirebaseManager.swift */,
				04F4429E29ABE7260065D6F4 /* SyrveAPIManager.swift */,
			);
			path = Services;
			sourceTree = "<group>";
		};
		04EDA86929A91B4800A0DA23 /* Models */ = {
			isa = PBXGroup;
			children = (
				04F442A029ABE8280065D6F4 /* SyrveMenu.swift */,
				04F442A229ABEAC80065D6F4 /* SyrveToken.swift */,
				04F442A429AD043E0065D6F4 /* SyrveAPIConstants.swift */,
				045ABC0129AE753100942686 /* SyrveCreateOrder.swift */,
			);
			path = Models;
			sourceTree = "<group>";
		};
		04EDA86A29A91B5D00A0DA23 /* Core */ = {
			isa = PBXGroup;
			children = (
				045ABBFE29AE5D8700942686 /* Basket.swift */,
				045ABBFC29AE4C7C00942686 /* ItemData.swift */,
				04AD8DB3299A873D00C25FF7 /* MenuManager.swift */,
				04141DCB29B538FB00C215DD /* HomepageStructs.swift */,
			);
			path = Core;
			sourceTree = "<group>";
		};
		04F12012299FED06008DF518 /* Application */ = {
			isa = PBXGroup;
			children = (
				04B295B8299953820076984A /* AppDelegate.swift */,
				04B295BA299953820076984A /* SceneDelegate.swift */,
			);
			path = Application;
			sourceTree = "<group>";
		};
		04F19BC829D3327A00180545 /* ChooseAStore */ = {
			isa = PBXGroup;
			children = (
				0423BC91299EBC4D00BE8BFC /* ChooseAStoreModel.swift */,
				04F19BCB29D3330300180545 /* ChooseAStoreView.swift */,
				04F19BC929D3328E00180545 /* ChooseAStoreController.swift */,
			);
			path = ChooseAStore;
			sourceTree = "<group>";
		};
		04F19BCD29D3569600180545 /* Menu */ = {
			isa = PBXGroup;
			children = (
				04F19BCE29D356BD00180545 /* MenuModel.swift */,
				04F19BD029D356D100180545 /* MenuView.swift */,
				04F19BD229D356DF00180545 /* MenuController.swift */,
				04F19BD429D3577200180545 /* MenuCell.swift */,
			);
			path = Menu;
			sourceTree = "<group>";
		};
/* End PBXGroup section */

/* Begin PBXNativeTarget section */
		04B295B4299953820076984A /* Mama Jean's Pizza */ = {
			isa = PBXNativeTarget;
			buildConfigurationList = 04B295C9299953840076984A /* Build configuration list for PBXNativeTarget "Mama Jean's Pizza" */;
			buildPhases = (
				04B295B1299953820076984A /* Sources */,
				04B295B2299953820076984A /* Frameworks */,
				04B295B3299953820076984A /* Resources */,
			);
			buildRules = (
			);
			dependencies = (
			);
			name = "Mama Jean's Pizza";
			packageProductDependencies = (
				04F12008299FE8CD008DF518 /* FirebaseAnalytics */,
				04F1200A299FE8CD008DF518 /* FirebaseDatabase */,
				04F1200C299FE8CD008DF518 /* FirebaseFirestore */,
				04F1200E299FE8CD008DF518 /* FirebaseStorage */,
				04F1201629A003F6008DF518 /* SnapKit */,
			);
			productName = "Mama Jean's Pizza";
			productReference = 04B295B5299953820076984A /* Mama Jean's Pizza.app */;
			productType = "com.apple.product-type.application";
		};
/* End PBXNativeTarget section */

/* Begin PBXProject section */
		04B295AD299953820076984A /* Project object */ = {
			isa = PBXProject;
			attributes = {
				BuildIndependentTargetsInParallel = 1;
				LastSwiftUpdateCheck = 1320;
				LastUpgradeCheck = 1320;
				TargetAttributes = {
					04B295B4299953820076984A = {
						CreatedOnToolsVersion = 13.2.1;
					};
				};
			};
			buildConfigurationList = 04B295B0299953820076984A /* Build configuration list for PBXProject "Mama Jean's Pizza" */;
			compatibilityVersion = "Xcode 13.0";
			developmentRegion = en;
			hasScannedForEncodings = 0;
			knownRegions = (
				en,
				Base,
			);
			mainGroup = 04B295AC299953820076984A;
			packageReferences = (
				04F12007299FE8CD008DF518 /* XCRemoteSwiftPackageReference "firebase-ios-sdk" */,
				04F1201529A003F6008DF518 /* XCRemoteSwiftPackageReference "SnapKit" */,
			);
			productRefGroup = 04B295B6299953820076984A /* Products */;
			projectDirPath = "";
			projectRoot = "";
			targets = (
				04B295B4299953820076984A /* Mama Jean's Pizza */,
			);
		};
/* End PBXProject section */

/* Begin PBXResourcesBuildPhase section */
		04B295B3299953820076984A /* Resources */ = {
			isa = PBXResourcesBuildPhase;
			buildActionMask = 2147483647;
			files = (
				04B295C5299953840076984A /* LaunchScreen.storyboard in Resources */,
				04F12006299FE63D008DF518 /* GoogleService-Info.plist in Resources */,
				04B295C2299953840076984A /* Assets.xcassets in Resources */,
			);
			runOnlyForDeploymentPostprocessing = 0;
		};
/* End PBXResourcesBuildPhase section */

/* Begin PBXSourcesBuildPhase section */
		04B295B1299953820076984A /* Sources */ = {
			isa = PBXSourcesBuildPhase;
			buildActionMask = 2147483647;
			files = (
				044215F829D4B0AE00B3109A /* ItemDetailsView.swift in Sources */,
				0437006929DDCA0E00554719 /* ParalaxTableViewHeader.swift in Sources */,
				04F19BD529D3577200180545 /* MenuCell.swift in Sources */,
				045654B229D5E481009AA225 /* IntroController.swift in Sources */,
				047FD8F529E1D9CD00E1D975 /* HomePageContainerController.swift in Sources */,
				04EA95F929DB4AAE009F7220 /* HomePageCell.swift in Sources */,
				044215EB29D4827200B3109A /* ItemsModel.swift in Sources */,
				045654A829D5DCC9009AA225 /* BasketView.swift in Sources */,
				04220BED29B13F74005D53C4 /* PaymentTypesViewController.swift in Sources */,
				0478039429D9E8EE00D85C12 /* IntroView.swift in Sources */,
				0423BC92299EBC4D00BE8BFC /* ChooseAStoreModel.swift in Sources */,
				0437006729DDC9EE00554719 /* DealDescriptionView.swift in Sources */,
				04F19BCA29D3328E00180545 /* ChooseAStoreController.swift in Sources */,
				044215F129D4829700B3109A /* ItemsCell.swift in Sources */,
				04AD8DB4299A873D00C25FF7 /* MenuManager.swift in Sources */,
				045654AA29D5DCD3009AA225 /* BasketController.swift in Sources */,
				04B295B9299953820076984A /* AppDelegate.swift in Sources */,
				045654A629D5DCA8009AA225 /* BasketModel.swift in Sources */,
				04F19BCC29D3330300180545 /* ChooseAStoreView.swift in Sources */,
				04F21E5C29D1FCCD00D62C66 /* BalanceObserver.swift in Sources */,
				04B60D1929CCBF3E005E8B94 /* GlobalUIConstants.swift in Sources */,
				047FD8F729E1DA4C00E1D975 /* MainMenuController.swift in Sources */,
				04B60D1C29D093D8005E8B94 /* AlertManager.swift in Sources */,
				04141DCC29B538FB00C215DD /* HomepageStructs.swift in Sources */,
				04F442A129ABE8280065D6F4 /* SyrveMenu.swift in Sources */,
				045654AF29D5E3AC009AA225 /* DealDescriptionController.swift in Sources */,
				045ABBFF29AE5D8700942686 /* Basket.swift in Sources */,
				0437006B29DDD74D00554719 /* DealDescriptionCell.swift in Sources */,
				04F442A529AD043E0065D6F4 /* SyrveAPIConstants.swift in Sources */,
				04B60D1429CCBD2F005E8B94 /* HomePageView.swift in Sources */,
				04F21E5E29D212E300D62C66 /* UserDefaultsManager.swift in Sources */,
				04F442A329ABEAC80065D6F4 /* SyrveToken.swift in Sources */,
				04B60D1E29D09A78005E8B94 /* HomePageModel.swift in Sources */,
				045654B629D612EC009AA225 /* BalanceView.swift in Sources */,
				0436295C29CCBA49001964E5 /* HomePageController.swift in Sources */,
				044215EF29D4828C00B3109A /* ItemsController.swift in Sources */,
				044215ED29D4827E00B3109A /* ItemsView.swift in Sources */,
				040489DC29D837C600A183F4 /* BasketButtonView.swift in Sources */,
				04F19BCF29D356BD00180545 /* MenuModel.swift in Sources */,
				04F4429F29ABE7260065D6F4 /* SyrveAPIManager.swift in Sources */,
				045ABBFD29AE4C7C00942686 /* ItemData.swift in Sources */,
				045ABC0229AE753100942686 /* SyrveCreateOrder.swift in Sources */,
				04F19BD329D356DF00180545 /* MenuController.swift in Sources */,
				04220BE829B0DFB6005D53C4 /* BasketCustomerInfoCell.swift in Sources */,
				044215F329D4850000B3109A /* BasketObserver.swift in Sources */,
				0478039229D9E5E900D85C12 /* IntroPageModel.swift in Sources */,
				044215F629D4B09E00B3109A /* ItemDetailsController.swift in Sources */,
				04F12011299FEBDD008DF518 /* FirebaseManager.swift in Sources */,
				04B295BB299953820076984A /* SceneDelegate.swift in Sources */,
				04899C1029B289B4000BB5DD /* OrderPlacedViewController.swift in Sources */,
				04F19BD129D356D100180545 /* MenuView.swift in Sources */,
				04B295CD299978600076984A /* IntroPageController.swift in Sources */,
			);
			runOnlyForDeploymentPostprocessing = 0;
		};
/* End PBXSourcesBuildPhase section */

/* Begin PBXVariantGroup section */
		04B295C3299953840076984A /* LaunchScreen.storyboard */ = {
			isa = PBXVariantGroup;
			children = (
				04B295C4299953840076984A /* Base */,
			);
			name = LaunchScreen.storyboard;
			sourceTree = "<group>";
		};
/* End PBXVariantGroup section */

/* Begin XCBuildConfiguration section */
		04B295C7299953840076984A /* Debug */ = {
			isa = XCBuildConfiguration;
			buildSettings = {
				ALWAYS_SEARCH_USER_PATHS = NO;
				CLANG_ANALYZER_NONNULL = YES;
				CLANG_ANALYZER_NUMBER_OBJECT_CONVERSION = YES_AGGRESSIVE;
				CLANG_CXX_LANGUAGE_STANDARD = "gnu++17";
				CLANG_CXX_LIBRARY = "libc++";
				CLANG_ENABLE_MODULES = YES;
				CLANG_ENABLE_OBJC_ARC = YES;
				CLANG_ENABLE_OBJC_WEAK = YES;
				CLANG_WARN_BLOCK_CAPTURE_AUTORELEASING = YES;
				CLANG_WARN_BOOL_CONVERSION = YES;
				CLANG_WARN_COMMA = YES;
				CLANG_WARN_CONSTANT_CONVERSION = YES;
				CLANG_WARN_DEPRECATED_OBJC_IMPLEMENTATIONS = YES;
				CLANG_WARN_DIRECT_OBJC_ISA_USAGE = YES_ERROR;
				CLANG_WARN_DOCUMENTATION_COMMENTS = YES;
				CLANG_WARN_EMPTY_BODY = YES;
				CLANG_WARN_ENUM_CONVERSION = YES;
				CLANG_WARN_INFINITE_RECURSION = YES;
				CLANG_WARN_INT_CONVERSION = YES;
				CLANG_WARN_NON_LITERAL_NULL_CONVERSION = YES;
				CLANG_WARN_OBJC_IMPLICIT_RETAIN_SELF = YES;
				CLANG_WARN_OBJC_LITERAL_CONVERSION = YES;
				CLANG_WARN_OBJC_ROOT_CLASS = YES_ERROR;
				CLANG_WARN_QUOTED_INCLUDE_IN_FRAMEWORK_HEADER = YES;
				CLANG_WARN_RANGE_LOOP_ANALYSIS = YES;
				CLANG_WARN_STRICT_PROTOTYPES = YES;
				CLANG_WARN_SUSPICIOUS_MOVE = YES;
				CLANG_WARN_UNGUARDED_AVAILABILITY = YES_AGGRESSIVE;
				CLANG_WARN_UNREACHABLE_CODE = YES;
				CLANG_WARN__DUPLICATE_METHOD_MATCH = YES;
				COPY_PHASE_STRIP = NO;
				DEBUG_INFORMATION_FORMAT = dwarf;
				ENABLE_STRICT_OBJC_MSGSEND = YES;
				ENABLE_TESTABILITY = YES;
				GCC_C_LANGUAGE_STANDARD = gnu11;
				GCC_DYNAMIC_NO_PIC = NO;
				GCC_NO_COMMON_BLOCKS = YES;
				GCC_OPTIMIZATION_LEVEL = 0;
				GCC_PREPROCESSOR_DEFINITIONS = (
					"DEBUG=1",
					"$(inherited)",
				);
				GCC_WARN_64_TO_32_BIT_CONVERSION = YES;
				GCC_WARN_ABOUT_RETURN_TYPE = YES_ERROR;
				GCC_WARN_UNDECLARED_SELECTOR = YES;
				GCC_WARN_UNINITIALIZED_AUTOS = YES_AGGRESSIVE;
				GCC_WARN_UNUSED_FUNCTION = YES;
				GCC_WARN_UNUSED_VARIABLE = YES;
				IPHONEOS_DEPLOYMENT_TARGET = 15.2;
				MTL_ENABLE_DEBUG_INFO = INCLUDE_SOURCE;
				MTL_FAST_MATH = YES;
				ONLY_ACTIVE_ARCH = YES;
				SDKROOT = iphoneos;
				SWIFT_ACTIVE_COMPILATION_CONDITIONS = DEBUG;
				SWIFT_OPTIMIZATION_LEVEL = "-Onone";
			};
			name = Debug;
		};
		04B295C8299953840076984A /* Release */ = {
			isa = XCBuildConfiguration;
			buildSettings = {
				ALWAYS_SEARCH_USER_PATHS = NO;
				CLANG_ANALYZER_NONNULL = YES;
				CLANG_ANALYZER_NUMBER_OBJECT_CONVERSION = YES_AGGRESSIVE;
				CLANG_CXX_LANGUAGE_STANDARD = "gnu++17";
				CLANG_CXX_LIBRARY = "libc++";
				CLANG_ENABLE_MODULES = YES;
				CLANG_ENABLE_OBJC_ARC = YES;
				CLANG_ENABLE_OBJC_WEAK = YES;
				CLANG_WARN_BLOCK_CAPTURE_AUTORELEASING = YES;
				CLANG_WARN_BOOL_CONVERSION = YES;
				CLANG_WARN_COMMA = YES;
				CLANG_WARN_CONSTANT_CONVERSION = YES;
				CLANG_WARN_DEPRECATED_OBJC_IMPLEMENTATIONS = YES;
				CLANG_WARN_DIRECT_OBJC_ISA_USAGE = YES_ERROR;
				CLANG_WARN_DOCUMENTATION_COMMENTS = YES;
				CLANG_WARN_EMPTY_BODY = YES;
				CLANG_WARN_ENUM_CONVERSION = YES;
				CLANG_WARN_INFINITE_RECURSION = YES;
				CLANG_WARN_INT_CONVERSION = YES;
				CLANG_WARN_NON_LITERAL_NULL_CONVERSION = YES;
				CLANG_WARN_OBJC_IMPLICIT_RETAIN_SELF = YES;
				CLANG_WARN_OBJC_LITERAL_CONVERSION = YES;
				CLANG_WARN_OBJC_ROOT_CLASS = YES_ERROR;
				CLANG_WARN_QUOTED_INCLUDE_IN_FRAMEWORK_HEADER = YES;
				CLANG_WARN_RANGE_LOOP_ANALYSIS = YES;
				CLANG_WARN_STRICT_PROTOTYPES = YES;
				CLANG_WARN_SUSPICIOUS_MOVE = YES;
				CLANG_WARN_UNGUARDED_AVAILABILITY = YES_AGGRESSIVE;
				CLANG_WARN_UNREACHABLE_CODE = YES;
				CLANG_WARN__DUPLICATE_METHOD_MATCH = YES;
				COPY_PHASE_STRIP = NO;
				DEBUG_INFORMATION_FORMAT = "dwarf-with-dsym";
				ENABLE_NS_ASSERTIONS = NO;
				ENABLE_STRICT_OBJC_MSGSEND = YES;
				GCC_C_LANGUAGE_STANDARD = gnu11;
				GCC_NO_COMMON_BLOCKS = YES;
				GCC_WARN_64_TO_32_BIT_CONVERSION = YES;
				GCC_WARN_ABOUT_RETURN_TYPE = YES_ERROR;
				GCC_WARN_UNDECLARED_SELECTOR = YES;
				GCC_WARN_UNINITIALIZED_AUTOS = YES_AGGRESSIVE;
				GCC_WARN_UNUSED_FUNCTION = YES;
				GCC_WARN_UNUSED_VARIABLE = YES;
				IPHONEOS_DEPLOYMENT_TARGET = 15.2;
				MTL_ENABLE_DEBUG_INFO = NO;
				MTL_FAST_MATH = YES;
				SDKROOT = iphoneos;
				SWIFT_COMPILATION_MODE = wholemodule;
				SWIFT_OPTIMIZATION_LEVEL = "-O";
				VALIDATE_PRODUCT = YES;
			};
			name = Release;
		};
		04B295CA299953840076984A /* Debug */ = {
			isa = XCBuildConfiguration;
			buildSettings = {
				ASSETCATALOG_COMPILER_APPICON_NAME = AppIcon;
				ASSETCATALOG_COMPILER_GLOBAL_ACCENT_COLOR_NAME = AccentColor;
				CODE_SIGN_STYLE = Automatic;
				CURRENT_PROJECT_VERSION = 1;
				DEVELOPMENT_TEAM = DKBJ2N927G;
				GENERATE_INFOPLIST_FILE = YES;
				INFOPLIST_FILE = "Mama Jean's Pizza/Resources/Info.plist";
				INFOPLIST_KEY_UIApplicationSupportsIndirectInputEvents = YES;
				INFOPLIST_KEY_UILaunchStoryboardName = LaunchScreen;
				INFOPLIST_KEY_UISupportedInterfaceOrientations = UIInterfaceOrientationPortrait;
				INFOPLIST_KEY_UISupportedInterfaceOrientations_iPad = "UIInterfaceOrientationPortrait UIInterfaceOrientationPortraitUpsideDown UIInterfaceOrientationLandscapeLeft UIInterfaceOrientationLandscapeRight";
				INFOPLIST_KEY_UISupportedInterfaceOrientations_iPhone = "UIInterfaceOrientationPortrait UIInterfaceOrientationLandscapeLeft UIInterfaceOrientationLandscapeRight";
				LD_RUNPATH_SEARCH_PATHS = (
					"$(inherited)",
					"@executable_path/Frameworks",
				);
				MARKETING_VERSION = 1.0;
				PRODUCT_BUNDLE_IDENTIFIER = "Lap42.Mama-Jean-s-Pizza";
				PRODUCT_NAME = "$(TARGET_NAME)";
				SWIFT_EMIT_LOC_STRINGS = YES;
				SWIFT_VERSION = 5.0;
				TARGETED_DEVICE_FAMILY = 1;
			};
			name = Debug;
		};
		04B295CB299953840076984A /* Release */ = {
			isa = XCBuildConfiguration;
			buildSettings = {
				ASSETCATALOG_COMPILER_APPICON_NAME = AppIcon;
				ASSETCATALOG_COMPILER_GLOBAL_ACCENT_COLOR_NAME = AccentColor;
				CODE_SIGN_STYLE = Automatic;
				CURRENT_PROJECT_VERSION = 1;
				DEVELOPMENT_TEAM = DKBJ2N927G;
				GENERATE_INFOPLIST_FILE = YES;
				INFOPLIST_FILE = "Mama Jean's Pizza/Resources/Info.plist";
				INFOPLIST_KEY_UIApplicationSupportsIndirectInputEvents = YES;
				INFOPLIST_KEY_UILaunchStoryboardName = LaunchScreen;
				INFOPLIST_KEY_UISupportedInterfaceOrientations = UIInterfaceOrientationPortrait;
				INFOPLIST_KEY_UISupportedInterfaceOrientations_iPad = "UIInterfaceOrientationPortrait UIInterfaceOrientationPortraitUpsideDown UIInterfaceOrientationLandscapeLeft UIInterfaceOrientationLandscapeRight";
				INFOPLIST_KEY_UISupportedInterfaceOrientations_iPhone = "UIInterfaceOrientationPortrait UIInterfaceOrientationLandscapeLeft UIInterfaceOrientationLandscapeRight";
				LD_RUNPATH_SEARCH_PATHS = (
					"$(inherited)",
					"@executable_path/Frameworks",
				);
				MARKETING_VERSION = 1.0;
				PRODUCT_BUNDLE_IDENTIFIER = "Lap42.Mama-Jean-s-Pizza";
				PRODUCT_NAME = "$(TARGET_NAME)";
				SWIFT_EMIT_LOC_STRINGS = YES;
				SWIFT_VERSION = 5.0;
				TARGETED_DEVICE_FAMILY = 1;
			};
			name = Release;
		};
/* End XCBuildConfiguration section */

/* Begin XCConfigurationList section */
		04B295B0299953820076984A /* Build configuration list for PBXProject "Mama Jean's Pizza" */ = {
			isa = XCConfigurationList;
			buildConfigurations = (
				04B295C7299953840076984A /* Debug */,
				04B295C8299953840076984A /* Release */,
			);
			defaultConfigurationIsVisible = 0;
			defaultConfigurationName = Release;
		};
		04B295C9299953840076984A /* Build configuration list for PBXNativeTarget "Mama Jean's Pizza" */ = {
			isa = XCConfigurationList;
			buildConfigurations = (
				04B295CA299953840076984A /* Debug */,
				04B295CB299953840076984A /* Release */,
			);
			defaultConfigurationIsVisible = 0;
			defaultConfigurationName = Release;
		};
/* End XCConfigurationList section */

/* Begin XCRemoteSwiftPackageReference section */
		04F12007299FE8CD008DF518 /* XCRemoteSwiftPackageReference "firebase-ios-sdk" */ = {
			isa = XCRemoteSwiftPackageReference;
			repositoryURL = "https://github.com/firebase/firebase-ios-sdk";
			requirement = {
				kind = upToNextMajorVersion;
				minimumVersion = 9.0.0;
			};
		};
		04F1201529A003F6008DF518 /* XCRemoteSwiftPackageReference "SnapKit" */ = {
			isa = XCRemoteSwiftPackageReference;
			repositoryURL = "https://github.com/SnapKit/SnapKit";
			requirement = {
				kind = upToNextMajorVersion;
				minimumVersion = 5.0.0;
			};
		};
/* End XCRemoteSwiftPackageReference section */

/* Begin XCSwiftPackageProductDependency section */
		04F12008299FE8CD008DF518 /* FirebaseAnalytics */ = {
			isa = XCSwiftPackageProductDependency;
			package = 04F12007299FE8CD008DF518 /* XCRemoteSwiftPackageReference "firebase-ios-sdk" */;
			productName = FirebaseAnalytics;
		};
		04F1200A299FE8CD008DF518 /* FirebaseDatabase */ = {
			isa = XCSwiftPackageProductDependency;
			package = 04F12007299FE8CD008DF518 /* XCRemoteSwiftPackageReference "firebase-ios-sdk" */;
			productName = FirebaseDatabase;
		};
		04F1200C299FE8CD008DF518 /* FirebaseFirestore */ = {
			isa = XCSwiftPackageProductDependency;
			package = 04F12007299FE8CD008DF518 /* XCRemoteSwiftPackageReference "firebase-ios-sdk" */;
			productName = FirebaseFirestore;
		};
		04F1200E299FE8CD008DF518 /* FirebaseStorage */ = {
			isa = XCSwiftPackageProductDependency;
			package = 04F12007299FE8CD008DF518 /* XCRemoteSwiftPackageReference "firebase-ios-sdk" */;
			productName = FirebaseStorage;
		};
		04F1201629A003F6008DF518 /* SnapKit */ = {
			isa = XCSwiftPackageProductDependency;
			package = 04F1201529A003F6008DF518 /* XCRemoteSwiftPackageReference "SnapKit" */;
			productName = SnapKit;
		};
/* End XCSwiftPackageProductDependency section */
	};
	rootObject = 04B295AD299953820076984A /* Project object */;
}
